{
  "pins" : [
    {
      "identity" : "flowstack",
      "kind" : "remoteSourceControl",
      "location" : "https://github.com/johnsusek/FlowStack.git",
      "state" : {
        "revision" : "0745511c8825569b9aad0e52f02b57d46f0f7d6e",
        "version" : "0.2.3"
      }
    }
  ],
  "version" : 2
}
