// !$*UTF8*$!
{
	archiveVersion = 1;
	classes = {
	};
	objectVersion = 56;
	objects = {

/* Begin PBXBuildFile section */
		A2094EB12B3A2F7800A3F897 /* LoginBaseView.swift in Sources */ = {isa = PBXBuildFile; fileRef = A2094EB02B3A2F7800A3F897 /* LoginBaseView.swift */; };
		A2094EB32B3A31F800A3F897 /* LoginView.swift in Sources */ = {isa = PBXBuildFile; fileRef = A2094EB22B3A31F800A3F897 /* LoginView.swift */; };
		A2094EB52B3A322B00A3F897 /* LoggedView.swift in Sources */ = {isa = PBXBuildFile; fileRef = A2094EB42B3A322B00A3F897 /* LoggedView.swift */; };
		A2094EB72B3A324400A3F897 /* SignupView.swift in Sources */ = {isa = PBXBuildFile; fileRef = A2094EB62B3A324400A3F897 /* SignupView.swift */; };
		A20E90F82B517B9D002D294C /* AddView.swift in Sources */ = {isa = PBXBuildFile; fileRef = A20E90F72B517B9D002D294C /* AddView.swift */; };
		A20E90FA2B51832C002D294C /* MoneyVIew.swift in Sources */ = {isa = PBXBuildFile; fileRef = A20E90F92B51832C002D294C /* MoneyVIew.swift */; };
		A229968F2B6E6AF0003BE88C /* ImageWebView.swift in Sources */ = {isa = PBXBuildFile; fileRef = A229968E2B6E6AF0003BE88C /* ImageWebView.swift */; };
		A2393CDD2B6C6C9100EADC7F /* TabMainView.swift in Sources */ = {isa = PBXBuildFile; fileRef = A2393CDC2B6C6C9100EADC7F /* TabMainView.swift */; };
		A2480F692B498D5E00989641 /* ImageView.swift in Sources */ = {isa = PBXBuildFile; fileRef = A2480F682B498D5E00989641 /* ImageView.swift */; };
		A2480F6B2B49953800989641 /* PriorityView.swift in Sources */ = {isa = PBXBuildFile; fileRef = A2480F6A2B49953800989641 /* PriorityView.swift */; };
		A263066D2B2F578A00465B55 /* targetApp.swift in Sources */ = {isa = PBXBuildFile; fileRef = A263066C2B2F578A00465B55 /* targetApp.swift */; };
		A263066F2B2F578A00465B55 /* ContentView.swift in Sources */ = {isa = PBXBuildFile; fileRef = A263066E2B2F578A00465B55 /* ContentView.swift */; };
		A26306712B2F578C00465B55 /* Assets.xcassets in Resources */ = {isa = PBXBuildFile; fileRef = A26306702B2F578C00465B55 /* Assets.xcassets */; };
		A26306742B2F578C00465B55 /* Preview Assets.xcassets in Resources */ = {isa = PBXBuildFile; fileRef = A26306732B2F578C00465B55 /* Preview Assets.xcassets */; };
		A263067F2B2F602C00465B55 /* Api.swift in Sources */ = {isa = PBXBuildFile; fileRef = A263067E2B2F602C00465B55 /* Api.swift */; };
		A288572D2B797B6B00DDC77C /* ImagePicker.swift in Sources */ = {isa = PBXBuildFile; fileRef = A288572C2B797B6B00DDC77C /* ImagePicker.swift */; };
		A28857302B79978D00DDC77C /* CurrencyManager.swift in Sources */ = {isa = PBXBuildFile; fileRef = A288572F2B79978D00DDC77C /* CurrencyManager.swift */; };
		A28F13E92B5FDFB7000F3425 /* CompleteView.swift in Sources */ = {isa = PBXBuildFile; fileRef = A28F13E82B5FDFB7000F3425 /* CompleteView.swift */; };
		A28F13EB2B5FDFDA000F3425 /* ProgressView.swift in Sources */ = {isa = PBXBuildFile; fileRef = A28F13EA2B5FDFDA000F3425 /* ProgressView.swift */; };
		A28F13ED2B600500000F3425 /* TabTargetView.swift in Sources */ = {isa = PBXBuildFile; fileRef = A28F13EC2B600500000F3425 /* TabTargetView.swift */; };
		A2A656882BACFE4F00C33CC5 /* DepositsView.swift in Sources */ = {isa = PBXBuildFile; fileRef = A2A656872BACFE4F00C33CC5 /* DepositsView.swift */; };
		A2A8F76D2B4203BD00FE4006 /* Utils.swift in Sources */ = {isa = PBXBuildFile; fileRef = A2A8F76C2B4203BD00FE4006 /* Utils.swift */; };
		A2A8F76F2B431EC800FE4006 /* Target.swift in Sources */ = {isa = PBXBuildFile; fileRef = A2A8F76E2B431EC800FE4006 /* Target.swift */; };
		A2A8F7712B43A71E00FE4006 /* DetailView.swift in Sources */ = {isa = PBXBuildFile; fileRef = A2A8F7702B43A71E00FE4006 /* DetailView.swift */; };
		A2ADB9502B549A5E00EEAB16 /* ButtonEdit.swift in Sources */ = {isa = PBXBuildFile; fileRef = A2ADB94F2B549A5E00EEAB16 /* ButtonEdit.swift */; };
		A2B0D4802B44DCB3002326BD /* Deposit.swift in Sources */ = {isa = PBXBuildFile; fileRef = A2B0D47F2B44DCB3002326BD /* Deposit.swift */; };
		A2B7FEC12B9E07A40027699B /* TargetController.swift in Sources */ = {isa = PBXBuildFile; fileRef = A2B7FEC02B9E07A40027699B /* TargetController.swift */; };
		A2DD79C62B3A39CB00DBAD0B /* KeysStorage.swift in Sources */ = {isa = PBXBuildFile; fileRef = A2DD79C52B3A39CB00DBAD0B /* KeysStorage.swift */; };
		A2DD79C92B3A3EAD00DBAD0B /* NetworkError.swift in Sources */ = {isa = PBXBuildFile; fileRef = A2DD79C82B3A3EAD00DBAD0B /* NetworkError.swift */; };
		A2DD79CB2B3A3F8C00DBAD0B /* LoginResponse.swift in Sources */ = {isa = PBXBuildFile; fileRef = A2DD79CA2B3A3F8C00DBAD0B /* LoginResponse.swift */; };
		A2DD79CD2B3A3FB400DBAD0B /* LoginRequest.swift in Sources */ = {isa = PBXBuildFile; fileRef = A2DD79CC2B3A3FB400DBAD0B /* LoginRequest.swift */; };
		A2DD79D22B3A62D900DBAD0B /* User.swift in Sources */ = {isa = PBXBuildFile; fileRef = A2DD79D12B3A62D900DBAD0B /* User.swift */; };
/* End PBXBuildFile section */

/* Begin PBXFileReference section */
		A2094EB02B3A2F7800A3F897 /* LoginBaseView.swift */ = {isa = PBXFileReference; lastKnownFileType = sourcecode.swift; path = LoginBaseView.swift; sourceTree = "<group>"; };
		A2094EB22B3A31F800A3F897 /* LoginView.swift */ = {isa = PBXFileReference; lastKnownFileType = sourcecode.swift; path = LoginView.swift; sourceTree = "<group>"; };
		A2094EB42B3A322B00A3F897 /* LoggedView.swift */ = {isa = PBXFileReference; lastKnownFileType = sourcecode.swift; path = LoggedView.swift; sourceTree = "<group>"; };
		A2094EB62B3A324400A3F897 /* SignupView.swift */ = {isa = PBXFileReference; lastKnownFileType = sourcecode.swift; path = SignupView.swift; sourceTree = "<group>"; };
		A20E90F72B517B9D002D294C /* AddView.swift */ = {isa = PBXFileReference; lastKnownFileType = sourcecode.swift; path = AddView.swift; sourceTree = "<group>"; };
		A20E90F92B51832C002D294C /* MoneyVIew.swift */ = {isa = PBXFileReference; lastKnownFileType = sourcecode.swift; path = MoneyVIew.swift; sourceTree = "<group>"; };
		A229968E2B6E6AF0003BE88C /* ImageWebView.swift */ = {isa = PBXFileReference; lastKnownFileType = sourcecode.swift; path = ImageWebView.swift; sourceTree = "<group>"; };
		A2393CDC2B6C6C9100EADC7F /* TabMainView.swift */ = {isa = PBXFileReference; lastKnownFileType = sourcecode.swift; path = TabMainView.swift; sourceTree = "<group>"; };
		A2480F682B498D5E00989641 /* ImageView.swift */ = {isa = PBXFileReference; lastKnownFileType = sourcecode.swift; path = ImageView.swift; sourceTree = "<group>"; };
		A2480F6A2B49953800989641 /* PriorityView.swift */ = {isa = PBXFileReference; lastKnownFileType = sourcecode.swift; path = PriorityView.swift; sourceTree = "<group>"; };
		A26306692B2F578A00465B55 /* target.app */ = {isa = PBXFileReference; explicitFileType = wrapper.application; includeInIndex = 0; path = target.app; sourceTree = BUILT_PRODUCTS_DIR; };
		A263066C2B2F578A00465B55 /* targetApp.swift */ = {isa = PBXFileReference; lastKnownFileType = sourcecode.swift; path = targetApp.swift; sourceTree = "<group>"; };
		A263066E2B2F578A00465B55 /* ContentView.swift */ = {isa = PBXFileReference; lastKnownFileType = sourcecode.swift; path = ContentView.swift; sourceTree = "<group>"; };
		A26306702B2F578C00465B55 /* Assets.xcassets */ = {isa = PBXFileReference; lastKnownFileType = folder.assetcatalog; path = Assets.xcassets; sourceTree = "<group>"; };
		A26306732B2F578C00465B55 /* Preview Assets.xcassets */ = {isa = PBXFileReference; lastKnownFileType = folder.assetcatalog; path = "Preview Assets.xcassets"; sourceTree = "<group>"; };
		A263067C2B2F581A00465B55 /* requests.playground */ = {isa = PBXFileReference; lastKnownFileType = file.playground; path = requests.playground; sourceTree = "<group>"; xcLanguageSpecificationIdentifier = xcode.lang.swift; };
		A263067E2B2F602C00465B55 /* Api.swift */ = {isa = PBXFileReference; lastKnownFileType = sourcecode.swift; path = Api.swift; sourceTree = "<group>"; };
		A288572C2B797B6B00DDC77C /* ImagePicker.swift */ = {isa = PBXFileReference; lastKnownFileType = sourcecode.swift; path = ImagePicker.swift; sourceTree = "<group>"; };
		A288572F2B79978D00DDC77C /* CurrencyManager.swift */ = {isa = PBXFileReference; lastKnownFileType = sourcecode.swift; path = CurrencyManager.swift; sourceTree = "<group>"; };
		A28F13E82B5FDFB7000F3425 /* CompleteView.swift */ = {isa = PBXFileReference; lastKnownFileType = sourcecode.swift; path = CompleteView.swift; sourceTree = "<group>"; };
		A28F13EA2B5FDFDA000F3425 /* ProgressView.swift */ = {isa = PBXFileReference; lastKnownFileType = sourcecode.swift; path = ProgressView.swift; sourceTree = "<group>"; };
		A28F13EC2B600500000F3425 /* TabTargetView.swift */ = {isa = PBXFileReference; lastKnownFileType = sourcecode.swift; path = TabTargetView.swift; sourceTree = "<group>"; };
		A2A656872BACFE4F00C33CC5 /* DepositsView.swift */ = {isa = PBXFileReference; lastKnownFileType = sourcecode.swift; path = DepositsView.swift; sourceTree = "<group>"; };
		A2A8F76A2B41FDEA00FE4006 /* Info.plist */ = {isa = PBXFileReference; lastKnownFileType = text.plist; path = Info.plist; sourceTree = "<group>"; };
		A2A8F76C2B4203BD00FE4006 /* Utils.swift */ = {isa = PBXFileReference; lastKnownFileType = sourcecode.swift; path = Utils.swift; sourceTree = "<group>"; };
		A2A8F76E2B431EC800FE4006 /* Target.swift */ = {isa = PBXFileReference; lastKnownFileType = sourcecode.swift; path = Target.swift; sourceTree = "<group>"; };
		A2A8F7702B43A71E00FE4006 /* DetailView.swift */ = {isa = PBXFileReference; lastKnownFileType = sourcecode.swift; path = DetailView.swift; sourceTree = "<group>"; };
		A2ADB94F2B549A5E00EEAB16 /* ButtonEdit.swift */ = {isa = PBXFileReference; lastKnownFileType = sourcecode.swift; path = ButtonEdit.swift; sourceTree = "<group>"; };
		A2B0D47F2B44DCB3002326BD /* Deposit.swift */ = {isa = PBXFileReference; lastKnownFileType = sourcecode.swift; path = Deposit.swift; sourceTree = "<group>"; };
		A2B7FEC02B9E07A40027699B /* TargetController.swift */ = {isa = PBXFileReference; lastKnownFileType = sourcecode.swift; path = TargetController.swift; sourceTree = "<group>"; };
		A2DD79C52B3A39CB00DBAD0B /* KeysStorage.swift */ = {isa = PBXFileReference; lastKnownFileType = sourcecode.swift; path = KeysStorage.swift; sourceTree = "<group>"; };
		A2DD79C82B3A3EAD00DBAD0B /* NetworkError.swift */ = {isa = PBXFileReference; lastKnownFileType = sourcecode.swift; path = NetworkError.swift; sourceTree = "<group>"; };
		A2DD79CA2B3A3F8C00DBAD0B /* LoginResponse.swift */ = {isa = PBXFileReference; lastKnownFileType = sourcecode.swift; path = LoginResponse.swift; sourceTree = "<group>"; };
		A2DD79CC2B3A3FB400DBAD0B /* LoginRequest.swift */ = {isa = PBXFileReference; lastKnownFileType = sourcecode.swift; path = LoginRequest.swift; sourceTree = "<group>"; };
		A2DD79D12B3A62D900DBAD0B /* User.swift */ = {isa = PBXFileReference; lastKnownFileType = sourcecode.swift; path = User.swift; sourceTree = "<group>"; };
/* End PBXFileReference section */

/* Begin PBXFrameworksBuildPhase section */
		A26306662B2F578A00465B55 /* Frameworks */ = {
			isa = PBXFrameworksBuildPhase;
			buildActionMask = 2147483647;
			files = (
			);
			runOnlyForDeploymentPostprocessing = 0;
		};
/* End PBXFrameworksBuildPhase section */

/* Begin PBXGroup section */
		A2094EAF2B3A2EB200A3F897 /* login */ = {
			isa = PBXGroup;
			children = (
				A2094EB02B3A2F7800A3F897 /* LoginBaseView.swift */,
				A2094EB22B3A31F800A3F897 /* LoginView.swift */,
				A2094EB42B3A322B00A3F897 /* LoggedView.swift */,
				A2094EB62B3A324400A3F897 /* SignupView.swift */,
			);
			path = login;
			sourceTree = "<group>";
		};
		A26306602B2F578A00465B55 = {
			isa = PBXGroup;
			children = (
				A263066B2B2F578A00465B55 /* target */,
				A263066A2B2F578A00465B55 /* Products */,
			);
			sourceTree = "<group>";
		};
		A263066A2B2F578A00465B55 /* Products */ = {
			isa = PBXGroup;
			children = (
				A26306692B2F578A00465B55 /* target.app */,
			);
			name = Products;
			sourceTree = "<group>";
		};
		A263066B2B2F578A00465B55 /* target */ = {
			isa = PBXGroup;
			children = (
				A288572E2B79975A00DDC77C /* number */,
				A2A8F76B2B42039E00FE4006 /* util */,
				A2A8F76A2B41FDEA00FE4006 /* Info.plist */,
				A2DD79C72B3A3E8F00DBAD0B /* model */,
				A2DD79C42B3A39AE00DBAD0B /* data */,
				A263067D2B2F600D00465B55 /* provide */,
				A263067B2B2F57F200465B55 /* test */,
				A263067A2B2F57DB00465B55 /* view */,
				A263066C2B2F578A00465B55 /* targetApp.swift */,
				A26306702B2F578C00465B55 /* Assets.xcassets */,
				A26306722B2F578C00465B55 /* Preview Content */,
			);
			path = target;
			sourceTree = "<group>";
		};
		A26306722B2F578C00465B55 /* Preview Content */ = {
			isa = PBXGroup;
			children = (
				A26306732B2F578C00465B55 /* Preview Assets.xcassets */,
			);
			path = "Preview Content";
			sourceTree = "<group>";
		};
		A263067A2B2F57DB00465B55 /* view */ = {
			isa = PBXGroup;
			children = (
				A2094EAF2B3A2EB200A3F897 /* login */,
				A263066E2B2F578A00465B55 /* ContentView.swift */,
				A2A8F7702B43A71E00FE4006 /* DetailView.swift */,
				A2480F682B498D5E00989641 /* ImageView.swift */,
				A2480F6A2B49953800989641 /* PriorityView.swift */,
				A20E90F72B517B9D002D294C /* AddView.swift */,
				A20E90F92B51832C002D294C /* MoneyVIew.swift */,
				A2ADB94F2B549A5E00EEAB16 /* ButtonEdit.swift */,
				A28F13E82B5FDFB7000F3425 /* CompleteView.swift */,
				A28F13EA2B5FDFDA000F3425 /* ProgressView.swift */,
				A28F13EC2B600500000F3425 /* TabTargetView.swift */,
				A2393CDC2B6C6C9100EADC7F /* TabMainView.swift */,
				A229968E2B6E6AF0003BE88C /* ImageWebView.swift */,
				A2A656872BACFE4F00C33CC5 /* DepositsView.swift */,
			);
			path = view;
			sourceTree = "<group>";
		};
		A263067B2B2F57F200465B55 /* test */ = {
			isa = PBXGroup;
			children = (
				A263067C2B2F581A00465B55 /* requests.playground */,
			);
			path = test;
			sourceTree = "<group>";
		};
		A263067D2B2F600D00465B55 /* provide */ = {
			isa = PBXGroup;
			children = (
				A263067E2B2F602C00465B55 /* Api.swift */,
			);
			path = provide;
			sourceTree = "<group>";
		};
		A288572E2B79975A00DDC77C /* number */ = {
			isa = PBXGroup;
			children = (
				A288572F2B79978D00DDC77C /* CurrencyManager.swift */,
			);
			path = number;
			sourceTree = "<group>";
		};
		A2A8F76B2B42039E00FE4006 /* util */ = {
			isa = PBXGroup;
			children = (
				A2A8F76C2B4203BD00FE4006 /* Utils.swift */,
				A288572C2B797B6B00DDC77C /* ImagePicker.swift */,
				A2B7FEC02B9E07A40027699B /* TargetController.swift */,
			);
			path = util;
			sourceTree = "<group>";
		};
		A2DD79C42B3A39AE00DBAD0B /* data */ = {
			isa = PBXGroup;
			children = (
				A2DD79C52B3A39CB00DBAD0B /* KeysStorage.swift */,
			);
			path = data;
			sourceTree = "<group>";
		};
		A2DD79C72B3A3E8F00DBAD0B /* model */ = {
			isa = PBXGroup;
			children = (
				A2DD79C82B3A3EAD00DBAD0B /* NetworkError.swift */,
				A2DD79CA2B3A3F8C00DBAD0B /* LoginResponse.swift */,
				A2DD79CC2B3A3FB400DBAD0B /* LoginRequest.swift */,
				A2DD79D12B3A62D900DBAD0B /* User.swift */,
				A2A8F76E2B431EC800FE4006 /* Target.swift */,
				A2B0D47F2B44DCB3002326BD /* Deposit.swift */,
			);
			path = model;
			sourceTree = "<group>";
		};
/* End PBXGroup section */

/* Begin PBXNativeTarget section */
		A26306682B2F578A00465B55 /* target */ = {
			isa = PBXNativeTarget;
			buildConfigurationList = A26306772B2F578C00465B55 /* Build configuration list for PBXNativeTarget "target" */;
			buildPhases = (
				A26306652B2F578A00465B55 /* Sources */,
				A26306662B2F578A00465B55 /* Frameworks */,
				A26306672B2F578A00465B55 /* Resources */,
			);
			buildRules = (
			);
			dependencies = (
			);
			name = target;
			packageProductDependencies = (
			);
			productName = target;
			productReference = A26306692B2F578A00465B55 /* target.app */;
			productType = "com.apple.product-type.application";
		};
/* End PBXNativeTarget section */

/* Begin PBXProject section */
		A26306612B2F578A00465B55 /* Project object */ = {
			isa = PBXProject;
			attributes = {
				BuildIndependentTargetsInParallel = 1;
				LastSwiftUpdateCheck = 1510;
				LastUpgradeCheck = 1510;
				TargetAttributes = {
					A26306682B2F578A00465B55 = {
						CreatedOnToolsVersion = 15.1;
					};
				};
			};
			buildConfigurationList = A26306642B2F578A00465B55 /* Build configuration list for PBXProject "target" */;
			compatibilityVersion = "Xcode 14.0";
			developmentRegion = en;
			hasScannedForEncodings = 0;
			knownRegions = (
				en,
				Base,
			);
			mainGroup = A26306602B2F578A00465B55;
			packageReferences = (
			);
			productRefGroup = A263066A2B2F578A00465B55 /* Products */;
			projectDirPath = "";
			projectRoot = "";
			targets = (
				A26306682B2F578A00465B55 /* target */,
			);
		};
/* End PBXProject section */

/* Begin PBXResourcesBuildPhase section */
		A26306672B2F578A00465B55 /* Resources */ = {
			isa = PBXResourcesBuildPhase;
			buildActionMask = 2147483647;
			files = (
				A26306742B2F578C00465B55 /* Preview Assets.xcassets in Resources */,
				A26306712B2F578C00465B55 /* Assets.xcassets in Resources */,
			);
			runOnlyForDeploymentPostprocessing = 0;
		};
/* End PBXResourcesBuildPhase section */

/* Begin PBXSourcesBuildPhase section */
		A26306652B2F578A00465B55 /* Sources */ = {
			isa = PBXSourcesBuildPhase;
			buildActionMask = 2147483647;
			files = (
				A2B0D4802B44DCB3002326BD /* Deposit.swift in Sources */,
				A263067F2B2F602C00465B55 /* Api.swift in Sources */,
				A28857302B79978D00DDC77C /* CurrencyManager.swift in Sources */,
				A2480F6B2B49953800989641 /* PriorityView.swift in Sources */,
				A288572D2B797B6B00DDC77C /* ImagePicker.swift in Sources */,
				A2094EB72B3A324400A3F897 /* SignupView.swift in Sources */,
				A2480F692B498D5E00989641 /* ImageView.swift in Sources */,
				A20E90FA2B51832C002D294C /* MoneyVIew.swift in Sources */,
				A2094EB52B3A322B00A3F897 /* LoggedView.swift in Sources */,
				A2094EB12B3A2F7800A3F897 /* LoginBaseView.swift in Sources */,
				A2ADB9502B549A5E00EEAB16 /* ButtonEdit.swift in Sources */,
				A2393CDD2B6C6C9100EADC7F /* TabMainView.swift in Sources */,
				A2DD79CB2B3A3F8C00DBAD0B /* LoginResponse.swift in Sources */,
				A2A8F76D2B4203BD00FE4006 /* Utils.swift in Sources */,
				A2A8F76F2B431EC800FE4006 /* Target.swift in Sources */,
				A20E90F82B517B9D002D294C /* AddView.swift in Sources */,
				A2B7FEC12B9E07A40027699B /* TargetController.swift in Sources */,
				A28F13E92B5FDFB7000F3425 /* CompleteView.swift in Sources */,
				A263066F2B2F578A00465B55 /* ContentView.swift in Sources */,
				A2A656882BACFE4F00C33CC5 /* DepositsView.swift in Sources */,
				A28F13ED2B600500000F3425 /* TabTargetView.swift in Sources */,
				A2DD79C62B3A39CB00DBAD0B /* KeysStorage.swift in Sources */,
				A2DD79C92B3A3EAD00DBAD0B /* NetworkError.swift in Sources */,
				A229968F2B6E6AF0003BE88C /* ImageWebView.swift in Sources */,
				A2DD79D22B3A62D900DBAD0B /* User.swift in Sources */,
				A2094EB32B3A31F800A3F897 /* LoginView.swift in Sources */,
				A263066D2B2F578A00465B55 /* targetApp.swift in Sources */,
				A2A8F7712B43A71E00FE4006 /* DetailView.swift in Sources */,
				A28F13EB2B5FDFDA000F3425 /* ProgressView.swift in Sources */,
				A2DD79CD2B3A3FB400DBAD0B /* LoginRequest.swift in Sources */,
			);
			runOnlyForDeploymentPostprocessing = 0;
		};
/* End PBXSourcesBuildPhase section */

/* Begin XCBuildConfiguration section */
		A26306752B2F578C00465B55 /* Debug */ = {
			isa = XCBuildConfiguration;
			buildSettings = {
				ALWAYS_SEARCH_USER_PATHS = NO;
				ASSETCATALOG_COMPILER_GENERATE_SWIFT_ASSET_SYMBOL_EXTENSIONS = YES;
				CLANG_ANALYZER_NONNULL = YES;
				CLANG_ANALYZER_NUMBER_OBJECT_CONVERSION = YES_AGGRESSIVE;
				CLANG_CXX_LANGUAGE_STANDARD = "gnu++20";
				CLANG_ENABLE_MODULES = YES;
				CLANG_ENABLE_OBJC_ARC = YES;
				CLANG_ENABLE_OBJC_WEAK = YES;
				CLANG_WARN_BLOCK_CAPTURE_AUTORELEASING = YES;
				CLANG_WARN_BOOL_CONVERSION = YES;
				CLANG_WARN_COMMA = YES;
				CLANG_WARN_CONSTANT_CONVERSION = YES;
				CLANG_WARN_DEPRECATED_OBJC_IMPLEMENTATIONS = YES;
				CLANG_WARN_DIRECT_OBJC_ISA_USAGE = YES_ERROR;
				CLANG_WARN_DOCUMENTATION_COMMENTS = YES;
				CLANG_WARN_EMPTY_BODY = YES;
				CLANG_WARN_ENUM_CONVERSION = YES;
				CLANG_WARN_INFINITE_RECURSION = YES;
				CLANG_WARN_INT_CONVERSION = YES;
				CLANG_WARN_NON_LITERAL_NULL_CONVERSION = YES;
				CLANG_WARN_OBJC_IMPLICIT_RETAIN_SELF = YES;
				CLANG_WARN_OBJC_LITERAL_CONVERSION = YES;
				CLANG_WARN_OBJC_ROOT_CLASS = YES_ERROR;
				CLANG_WARN_QUOTED_INCLUDE_IN_FRAMEWORK_HEADER = YES;
				CLANG_WARN_RANGE_LOOP_ANALYSIS = YES;
				CLANG_WARN_STRICT_PROTOTYPES = YES;
				CLANG_WARN_SUSPICIOUS_MOVE = YES;
				CLANG_WARN_UNGUARDED_AVAILABILITY = YES_AGGRESSIVE;
				CLANG_WARN_UNREACHABLE_CODE = YES;
				CLANG_WARN__DUPLICATE_METHOD_MATCH = YES;
				COPY_PHASE_STRIP = NO;
				DEBUG_INFORMATION_FORMAT = dwarf;
				ENABLE_STRICT_OBJC_MSGSEND = YES;
				ENABLE_TESTABILITY = YES;
				ENABLE_USER_SCRIPT_SANDBOXING = YES;
				GCC_C_LANGUAGE_STANDARD = gnu17;
				GCC_DYNAMIC_NO_PIC = NO;
				GCC_NO_COMMON_BLOCKS = YES;
				GCC_OPTIMIZATION_LEVEL = 0;
				GCC_PREPROCESSOR_DEFINITIONS = (
					"DEBUG=1",
					"$(inherited)",
				);
				GCC_WARN_64_TO_32_BIT_CONVERSION = YES;
				GCC_WARN_ABOUT_RETURN_TYPE = YES_ERROR;
				GCC_WARN_UNDECLARED_SELECTOR = YES;
				GCC_WARN_UNINITIALIZED_AUTOS = YES_AGGRESSIVE;
				GCC_WARN_UNUSED_FUNCTION = YES;
				GCC_WARN_UNUSED_VARIABLE = YES;
				IPHONEOS_DEPLOYMENT_TARGET = 17.0;
				LOCALIZATION_PREFERS_STRING_CATALOGS = YES;
				MTL_ENABLE_DEBUG_INFO = INCLUDE_SOURCE;
				MTL_FAST_MATH = YES;
				ONLY_ACTIVE_ARCH = YES;
				SDKROOT = iphoneos;
				SWIFT_ACTIVE_COMPILATION_CONDITIONS = "DEBUG $(inherited)";
				SWIFT_OPTIMIZATION_LEVEL = "-Onone";
			};
			name = Debug;
		};
		A26306762B2F578C00465B55 /* Release */ = {
			isa = XCBuildConfiguration;
			buildSettings = {
				ALWAYS_SEARCH_USER_PATHS = NO;
				ASSETCATALOG_COMPILER_GENERATE_SWIFT_ASSET_SYMBOL_EXTENSIONS = YES;
				CLANG_ANALYZER_NONNULL = YES;
				CLANG_ANALYZER_NUMBER_OBJECT_CONVERSION = YES_AGGRESSIVE;
				CLANG_CXX_LANGUAGE_STANDARD = "gnu++20";
				CLANG_ENABLE_MODULES = YES;
				CLANG_ENABLE_OBJC_ARC = YES;
				CLANG_ENABLE_OBJC_WEAK = YES;
				CLANG_WARN_BLOCK_CAPTURE_AUTORELEASING = YES;
				CLANG_WARN_BOOL_CONVERSION = YES;
				CLANG_WARN_COMMA = YES;
				CLANG_WARN_CONSTANT_CONVERSION = YES;
				CLANG_WARN_DEPRECATED_OBJC_IMPLEMENTATIONS = YES;
				CLANG_WARN_DIRECT_OBJC_ISA_USAGE = YES_ERROR;
				CLANG_WARN_DOCUMENTATION_COMMENTS = YES;
				CLANG_WARN_EMPTY_BODY = YES;
				CLANG_WARN_ENUM_CONVERSION = YES;
				CLANG_WARN_INFINITE_RECURSION = YES;
				CLANG_WARN_INT_CONVERSION = YES;
				CLANG_WARN_NON_LITERAL_NULL_CONVERSION = YES;
				CLANG_WARN_OBJC_IMPLICIT_RETAIN_SELF = YES;
				CLANG_WARN_OBJC_LITERAL_CONVERSION = YES;
				CLANG_WARN_OBJC_ROOT_CLASS = YES_ERROR;
				CLANG_WARN_QUOTED_INCLUDE_IN_FRAMEWORK_HEADER = YES;
				CLANG_WARN_RANGE_LOOP_ANALYSIS = YES;
				CLANG_WARN_STRICT_PROTOTYPES = YES;
				CLANG_WARN_SUSPICIOUS_MOVE = YES;
				CLANG_WARN_UNGUARDED_AVAILABILITY = YES_AGGRESSIVE;
				CLANG_WARN_UNREACHABLE_CODE = YES;
				CLANG_WARN__DUPLICATE_METHOD_MATCH = YES;
				COPY_PHASE_STRIP = NO;
				DEBUG_INFORMATION_FORMAT = "dwarf-with-dsym";
				ENABLE_NS_ASSERTIONS = NO;
				ENABLE_STRICT_OBJC_MSGSEND = YES;
				ENABLE_USER_SCRIPT_SANDBOXING = YES;
				GCC_C_LANGUAGE_STANDARD = gnu17;
				GCC_NO_COMMON_BLOCKS = YES;
				GCC_WARN_64_TO_32_BIT_CONVERSION = YES;
				GCC_WARN_ABOUT_RETURN_TYPE = YES_ERROR;
				GCC_WARN_UNDECLARED_SELECTOR = YES;
				GCC_WARN_UNINITIALIZED_AUTOS = YES_AGGRESSIVE;
				GCC_WARN_UNUSED_FUNCTION = YES;
				GCC_WARN_UNUSED_VARIABLE = YES;
				IPHONEOS_DEPLOYMENT_TARGET = 17.0;
				LOCALIZATION_PREFERS_STRING_CATALOGS = YES;
				MTL_ENABLE_DEBUG_INFO = NO;
				MTL_FAST_MATH = YES;
				SDKROOT = iphoneos;
				SWIFT_COMPILATION_MODE = wholemodule;
				VALIDATE_PRODUCT = YES;
			};
			name = Release;
		};
		A26306782B2F578C00465B55 /* Debug */ = {
			isa = XCBuildConfiguration;
			buildSettings = {
				ASSETCATALOG_COMPILER_APPICON_NAME = AppIcon;
				ASSETCATALOG_COMPILER_GLOBAL_ACCENT_COLOR_NAME = AccentColor;
				CODE_SIGN_STYLE = Automatic;
				CURRENT_PROJECT_VERSION = 1;
				DEVELOPMENT_ASSET_PATHS = "\"target/Preview Content\"";
				DEVELOPMENT_TEAM = NYSLTBQZ24;
				ENABLE_PREVIEWS = YES;
				GENERATE_INFOPLIST_FILE = YES;
				INFOPLIST_FILE = target/Info.plist;
				INFOPLIST_KEY_LSApplicationCategoryType = "public.app-category.finance";
				INFOPLIST_KEY_UIApplicationSceneManifest_Generation = YES;
				INFOPLIST_KEY_UIApplicationSupportsIndirectInputEvents = YES;
				INFOPLIST_KEY_UILaunchScreen_Generation = YES;
				INFOPLIST_KEY_UISupportedInterfaceOrientations = "UIInterfaceOrientationLandscapeLeft UIInterfaceOrientationLandscapeRight UIInterfaceOrientationPortrait UIInterfaceOrientationPortraitUpsideDown";
				IPHONEOS_DEPLOYMENT_TARGET = 17.0;
				LD_RUNPATH_SEARCH_PATHS = (
					"$(inherited)",
					"@executable_path/Frameworks",
				);
				MARKETING_VERSION = 1.0;
				PRODUCT_BUNDLE_IDENTIFIER = br.com.savio2503.target;
				PRODUCT_NAME = "$(TARGET_NAME)";
				SWIFT_EMIT_LOC_STRINGS = YES;
				SWIFT_VERSION = 5.0;
				TARGETED_DEVICE_FAMILY = "1,2";
			};
			name = Debug;
		};
		A26306792B2F578C00465B55 /* Release */ = {
			isa = XCBuildConfiguration;
			buildSettings = {
				ASSETCATALOG_COMPILER_APPICON_NAME = AppIcon;
				ASSETCATALOG_COMPILER_GLOBAL_ACCENT_COLOR_NAME = AccentColor;
				CODE_SIGN_STYLE = Automatic;
				CURRENT_PROJECT_VERSION = 1;
				DEVELOPMENT_ASSET_PATHS = "\"target/Preview Content\"";
				DEVELOPMENT_TEAM = NYSLTBQZ24;
				ENABLE_PREVIEWS = YES;
				GENERATE_INFOPLIST_FILE = YES;
				INFOPLIST_FILE = target/Info.plist;
				INFOPLIST_KEY_LSApplicationCategoryType = "public.app-category.finance";
				INFOPLIST_KEY_UIApplicationSceneManifest_Generation = YES;
				INFOPLIST_KEY_UIApplicationSupportsIndirectInputEvents = YES;
				INFOPLIST_KEY_UILaunchScreen_Generation = YES;
				INFOPLIST_KEY_UISupportedInterfaceOrientations = "UIInterfaceOrientationLandscapeLeft UIInterfaceOrientationLandscapeRight UIInterfaceOrientationPortrait UIInterfaceOrientationPortraitUpsideDown";
				IPHONEOS_DEPLOYMENT_TARGET = 17.0;
				LD_RUNPATH_SEARCH_PATHS = (
					"$(inherited)",
					"@executable_path/Frameworks",
				);
				MARKETING_VERSION = 1.0;
				PRODUCT_BUNDLE_IDENTIFIER = br.com.savio2503.target;
				PRODUCT_NAME = "$(TARGET_NAME)";
				SWIFT_EMIT_LOC_STRINGS = YES;
				SWIFT_VERSION = 5.0;
				TARGETED_DEVICE_FAMILY = "1,2";
			};
			name = Release;
		};
/* End XCBuildConfiguration section */

/* Begin XCConfigurationList section */
		A26306642B2F578A00465B55 /* Build configuration list for PBXProject "target" */ = {
			isa = XCConfigurationList;
			buildConfigurations = (
				A26306752B2F578C00465B55 /* Debug */,
				A26306762B2F578C00465B55 /* Release */,
			);
			defaultConfigurationIsVisible = 0;
			defaultConfigurationName = Release;
		};
		A26306772B2F578C00465B55 /* Build configuration list for PBXNativeTarget "target" */ = {
			isa = XCConfigurationList;
			buildConfigurations = (
				A26306782B2F578C00465B55 /* Debug */,
				A26306792B2F578C00465B55 /* Release */,
			);
			defaultConfigurationIsVisible = 0;
			defaultConfigurationName = Release;
		};
/* End XCConfigurationList section */
	};
	rootObject = A26306612B2F578A00465B55 /* Project object */;
}
