// !$*UTF8*$!
{
	archiveVersion = 1;
	classes = {
	};
	objectVersion = 70;
	objects = {

/* Begin PBXBuildFile section */
		2857B3372D1C8B4C0060C9E0 /* ComponentsCommunication.framework in Frameworks */ = {isa = PBXBuildFile; fileRef = 2857B32F2D1C8B4C0060C9E0 /* ComponentsCommunication.framework */; };
		2857B3382D1C8B4C0060C9E0 /* ComponentsCommunication.framework in Embed Frameworks */ = {isa = PBXBuildFile; fileRef = 2857B32F2D1C8B4C0060C9E0 /* ComponentsCommunication.framework */; settings = {ATTRIBUTES = (CodeSignOnCopy, RemoveHeadersOnCopy, ); }; };
		287BDFA42D1B47B70082161E /* SwiftSoup in Frameworks */ = {isa = PBXBuildFile; productRef = 287BDFA32D1B47B70082161E /* SwiftSoup */; };
		287BDFB32D1B67EA0082161E /* URLShareExtension.appex in Embed Foundation Extensions */ = {isa = PBXBuildFile; fileRef = 287BDFA92D1B67EA0082161E /* URLShareExtension.appex */; settings = {ATTRIBUTES = (RemoveHeadersOnCopy, ); }; };
		287BDFEC2D1B8BFE0082161E /* SwiftSoup in Frameworks */ = {isa = PBXBuildFile; productRef = 287BDFEB2D1B8BFE0082161E /* SwiftSoup */; };
		28953CDB2D2B210A00EDE104 /* UrlView.swift in Sources */ = {isa = PBXBuildFile; fileRef = 28953CDA2D2B210300EDE104 /* UrlView.swift */; };
		A2094EB12B3A2F7800A3F897 /* LoginBaseView.swift in Sources */ = {isa = PBXBuildFile; fileRef = A2094EB02B3A2F7800A3F897 /* LoginBaseView.swift */; };
		A2094EB32B3A31F800A3F897 /* LoginView.swift in Sources */ = {isa = PBXBuildFile; fileRef = A2094EB22B3A31F800A3F897 /* LoginView.swift */; };
		A2094EB52B3A322B00A3F897 /* LoggedView.swift in Sources */ = {isa = PBXBuildFile; fileRef = A2094EB42B3A322B00A3F897 /* LoggedView.swift */; };
		A2094EB72B3A324400A3F897 /* SignupView.swift in Sources */ = {isa = PBXBuildFile; fileRef = A2094EB62B3A324400A3F897 /* SignupView.swift */; };
		A20E90F82B517B9D002D294C /* AddView.swift in Sources */ = {isa = PBXBuildFile; fileRef = A20E90F72B517B9D002D294C /* AddView.swift */; };
		A20E90FA2B51832C002D294C /* MoneyVIew.swift in Sources */ = {isa = PBXBuildFile; fileRef = A20E90F92B51832C002D294C /* MoneyVIew.swift */; };
		A21C12DF2BC18CF400C41143 /* RemoveBackground.swift in Sources */ = {isa = PBXBuildFile; fileRef = A21C12DE2BC18CF400C41143 /* RemoveBackground.swift */; };
		A229968F2B6E6AF0003BE88C /* ImageWebView.swift in Sources */ = {isa = PBXBuildFile; fileRef = A229968E2B6E6AF0003BE88C /* ImageWebView.swift */; };
		A2393CDD2B6C6C9100EADC7F /* TabMainView.swift in Sources */ = {isa = PBXBuildFile; fileRef = A2393CDC2B6C6C9100EADC7F /* TabMainView.swift */; };
		A2480F692B498D5E00989641 /* ImageView.swift in Sources */ = {isa = PBXBuildFile; fileRef = A2480F682B498D5E00989641 /* ImageView.swift */; };
		A24DFC912BF9391200B97541 /* Tools.swift in Sources */ = {isa = PBXBuildFile; fileRef = A24DFC902BF9391200B97541 /* Tools.swift */; };
		A263066D2B2F578A00465B55 /* targetApp.swift in Sources */ = {isa = PBXBuildFile; fileRef = A263066C2B2F578A00465B55 /* targetApp.swift */; };
		A263066F2B2F578A00465B55 /* ContentView.swift in Sources */ = {isa = PBXBuildFile; fileRef = A263066E2B2F578A00465B55 /* ContentView.swift */; };
		A26306712B2F578C00465B55 /* Assets.xcassets in Resources */ = {isa = PBXBuildFile; fileRef = A26306702B2F578C00465B55 /* Assets.xcassets */; };
		A26306742B2F578C00465B55 /* Preview Assets.xcassets in Resources */ = {isa = PBXBuildFile; fileRef = A26306732B2F578C00465B55 /* Preview Assets.xcassets */; };
		A27C04462D05F27400B47736 /* ImagemTools.swift in Sources */ = {isa = PBXBuildFile; fileRef = A27C04452D05F27400B47736 /* ImagemTools.swift */; };
		A288572D2B797B6B00DDC77C /* ImagePicker.swift in Sources */ = {isa = PBXBuildFile; fileRef = A288572C2B797B6B00DDC77C /* ImagePicker.swift */; };
		A28F13E92B5FDFB7000F3425 /* CompleteView.swift in Sources */ = {isa = PBXBuildFile; fileRef = A28F13E82B5FDFB7000F3425 /* CompleteView.swift */; };
		A28F13EB2B5FDFDA000F3425 /* ProgressView.swift in Sources */ = {isa = PBXBuildFile; fileRef = A28F13EA2B5FDFDA000F3425 /* ProgressView.swift */; };
		A2A656882BACFE4F00C33CC5 /* DepositsView.swift in Sources */ = {isa = PBXBuildFile; fileRef = A2A656872BACFE4F00C33CC5 /* DepositsView.swift */; };
		A2A8F76D2B4203BD00FE4006 /* Utils.swift in Sources */ = {isa = PBXBuildFile; fileRef = A2A8F76C2B4203BD00FE4006 /* Utils.swift */; };
		A2A8F7712B43A71E00FE4006 /* DetailView.swift in Sources */ = {isa = PBXBuildFile; fileRef = A2A8F7702B43A71E00FE4006 /* DetailView.swift */; };
		A2ADB9502B549A5E00EEAB16 /* ButtonEdit.swift in Sources */ = {isa = PBXBuildFile; fileRef = A2ADB94F2B549A5E00EEAB16 /* ButtonEdit.swift */; };
		A2B7FEC12B9E07A40027699B /* TargetController.swift in Sources */ = {isa = PBXBuildFile; fileRef = A2B7FEC02B9E07A40027699B /* TargetController.swift */; };
/* End PBXBuildFile section */

/* Begin PBXContainerItemProxy section */
		2857B3352D1C8B4C0060C9E0 /* PBXContainerItemProxy */ = {
			isa = PBXContainerItemProxy;
			containerPortal = A26306612B2F578A00465B55 /* Project object */;
			proxyType = 1;
			remoteGlobalIDString = 2857B32E2D1C8B4C0060C9E0;
			remoteInfo = ComponentsCommunication;
		};
		287BDFB12D1B67EA0082161E /* PBXContainerItemProxy */ = {
			isa = PBXContainerItemProxy;
			containerPortal = A26306612B2F578A00465B55 /* Project object */;
			proxyType = 1;
			remoteGlobalIDString = 287BDFA82D1B67EA0082161E;
			remoteInfo = URLShareExtension;
		};
/* End PBXContainerItemProxy section */

/* Begin PBXCopyFilesBuildPhase section */
		2857B3392D1C8B4C0060C9E0 /* Embed Frameworks */ = {
			isa = PBXCopyFilesBuildPhase;
			buildActionMask = 2147483647;
			dstPath = "";
			dstSubfolderSpec = 10;
			files = (
				2857B3382D1C8B4C0060C9E0 /* ComponentsCommunication.framework in Embed Frameworks */,
			);
			name = "Embed Frameworks";
			runOnlyForDeploymentPostprocessing = 0;
		};
		287BDFB82D1B67EA0082161E /* Embed Foundation Extensions */ = {
			isa = PBXCopyFilesBuildPhase;
			buildActionMask = 2147483647;
			dstPath = "";
			dstSubfolderSpec = 13;
			files = (
				287BDFB32D1B67EA0082161E /* URLShareExtension.appex in Embed Foundation Extensions */,
			);
			name = "Embed Foundation Extensions";
			runOnlyForDeploymentPostprocessing = 0;
		};
/* End PBXCopyFilesBuildPhase section */

/* Begin PBXFileReference section */
		2857B32F2D1C8B4C0060C9E0 /* ComponentsCommunication.framework */ = {isa = PBXFileReference; explicitFileType = wrapper.framework; includeInIndex = 0; path = ComponentsCommunication.framework; sourceTree = BUILT_PRODUCTS_DIR; };
		287BDFA12D1B47620082161E /* Testes.playground */ = {isa = PBXFileReference; lastKnownFileType = file.playground; path = Testes.playground; sourceTree = "<group>"; xcLanguageSpecificationIdentifier = xcode.lang.swift; };
		287BDFA92D1B67EA0082161E /* URLShareExtension.appex */ = {isa = PBXFileReference; explicitFileType = "wrapper.app-extension"; includeInIndex = 0; path = URLShareExtension.appex; sourceTree = BUILT_PRODUCTS_DIR; };
		28953CDA2D2B210300EDE104 /* UrlView.swift */ = {isa = PBXFileReference; lastKnownFileType = sourcecode.swift; path = UrlView.swift; sourceTree = "<group>"; };
		2896D49A2D1F825F00104AC9 /* target.entitlements */ = {isa = PBXFileReference; lastKnownFileType = text.plist.entitlements; path = target.entitlements; sourceTree = "<group>"; };
		A2094EB02B3A2F7800A3F897 /* LoginBaseView.swift */ = {isa = PBXFileReference; lastKnownFileType = sourcecode.swift; path = LoginBaseView.swift; sourceTree = "<group>"; };
		A2094EB22B3A31F800A3F897 /* LoginView.swift */ = {isa = PBXFileReference; lastKnownFileType = sourcecode.swift; path = LoginView.swift; sourceTree = "<group>"; };
		A2094EB42B3A322B00A3F897 /* LoggedView.swift */ = {isa = PBXFileReference; lastKnownFileType = sourcecode.swift; path = LoggedView.swift; sourceTree = "<group>"; };
		A2094EB62B3A324400A3F897 /* SignupView.swift */ = {isa = PBXFileReference; lastKnownFileType = sourcecode.swift; path = SignupView.swift; sourceTree = "<group>"; };
		A20E90F72B517B9D002D294C /* AddView.swift */ = {isa = PBXFileReference; lastKnownFileType = sourcecode.swift; path = AddView.swift; sourceTree = "<group>"; };
		A20E90F92B51832C002D294C /* MoneyVIew.swift */ = {isa = PBXFileReference; lastKnownFileType = sourcecode.swift; path = MoneyVIew.swift; sourceTree = "<group>"; };
		A21C12DE2BC18CF400C41143 /* RemoveBackground.swift */ = {isa = PBXFileReference; lastKnownFileType = sourcecode.swift; path = RemoveBackground.swift; sourceTree = "<group>"; };
		A229968E2B6E6AF0003BE88C /* ImageWebView.swift */ = {isa = PBXFileReference; lastKnownFileType = sourcecode.swift; path = ImageWebView.swift; sourceTree = "<group>"; };
		A2393CDC2B6C6C9100EADC7F /* TabMainView.swift */ = {isa = PBXFileReference; lastKnownFileType = sourcecode.swift; path = TabMainView.swift; sourceTree = "<group>"; };
		A2480F682B498D5E00989641 /* ImageView.swift */ = {isa = PBXFileReference; lastKnownFileType = sourcecode.swift; path = ImageView.swift; sourceTree = "<group>"; };
		A24DFC902BF9391200B97541 /* Tools.swift */ = {isa = PBXFileReference; lastKnownFileType = sourcecode.swift; path = Tools.swift; sourceTree = "<group>"; };
		A26306692B2F578A00465B55 /* target.app */ = {isa = PBXFileReference; explicitFileType = wrapper.application; includeInIndex = 0; path = target.app; sourceTree = BUILT_PRODUCTS_DIR; };
		A263066C2B2F578A00465B55 /* targetApp.swift */ = {isa = PBXFileReference; lastKnownFileType = sourcecode.swift; path = targetApp.swift; sourceTree = "<group>"; };
		A263066E2B2F578A00465B55 /* ContentView.swift */ = {isa = PBXFileReference; lastKnownFileType = sourcecode.swift; path = ContentView.swift; sourceTree = "<group>"; };
		A26306702B2F578C00465B55 /* Assets.xcassets */ = {isa = PBXFileReference; lastKnownFileType = folder.assetcatalog; path = Assets.xcassets; sourceTree = "<group>"; };
		A26306732B2F578C00465B55 /* Preview Assets.xcassets */ = {isa = PBXFileReference; lastKnownFileType = folder.assetcatalog; path = "Preview Assets.xcassets"; sourceTree = "<group>"; };
		A27C04452D05F27400B47736 /* ImagemTools.swift */ = {isa = PBXFileReference; lastKnownFileType = sourcecode.swift; name = ImagemTools.swift; path = Target/imagem/ImagemTools.swift; sourceTree = SOURCE_ROOT; };
		A288572C2B797B6B00DDC77C /* ImagePicker.swift */ = {isa = PBXFileReference; lastKnownFileType = sourcecode.swift; path = ImagePicker.swift; sourceTree = "<group>"; };
		A28F13E82B5FDFB7000F3425 /* CompleteView.swift */ = {isa = PBXFileReference; lastKnownFileType = sourcecode.swift; path = CompleteView.swift; sourceTree = "<group>"; };
		A28F13EA2B5FDFDA000F3425 /* ProgressView.swift */ = {isa = PBXFileReference; lastKnownFileType = sourcecode.swift; path = ProgressView.swift; sourceTree = "<group>"; };
		A2A656872BACFE4F00C33CC5 /* DepositsView.swift */ = {isa = PBXFileReference; lastKnownFileType = sourcecode.swift; path = DepositsView.swift; sourceTree = "<group>"; };
		A2A8F76A2B41FDEA00FE4006 /* Info.plist */ = {isa = PBXFileReference; lastKnownFileType = text.plist; path = Info.plist; sourceTree = "<group>"; };
		A2A8F76C2B4203BD00FE4006 /* Utils.swift */ = {isa = PBXFileReference; lastKnownFileType = sourcecode.swift; path = Utils.swift; sourceTree = "<group>"; };
		A2A8F7702B43A71E00FE4006 /* DetailView.swift */ = {isa = PBXFileReference; lastKnownFileType = sourcecode.swift; path = DetailView.swift; sourceTree = "<group>"; };
		A2ADB94F2B549A5E00EEAB16 /* ButtonEdit.swift */ = {isa = PBXFileReference; lastKnownFileType = sourcecode.swift; path = ButtonEdit.swift; sourceTree = "<group>"; };
		A2B7FEC02B9E07A40027699B /* TargetController.swift */ = {isa = PBXFileReference; lastKnownFileType = sourcecode.swift; path = TargetController.swift; sourceTree = "<group>"; };
/* End PBXFileReference section */

/* Begin PBXFileSystemSynchronizedBuildFileExceptionSet section */
		287BDFB42D1B67EA0082161E /* PBXFileSystemSynchronizedBuildFileExceptionSet */ = {
			isa = PBXFileSystemSynchronizedBuildFileExceptionSet;
			membershipExceptions = (
				Info.plist,
			);
			target = 287BDFA82D1B67EA0082161E /* URLShareExtension */;
		};
/* End PBXFileSystemSynchronizedBuildFileExceptionSet section */

/* Begin PBXFileSystemSynchronizedRootGroup section */
		2857B3302D1C8B4C0060C9E0 /* ComponentsCommunication */ = {isa = PBXFileSystemSynchronizedRootGroup; explicitFileTypes = {}; explicitFolders = (); path = ComponentsCommunication; sourceTree = "<group>"; };
		287BDFAA2D1B67EA0082161E /* URLShareExtension */ = {isa = PBXFileSystemSynchronizedRootGroup; exceptions = (287BDFB42D1B67EA0082161E /* PBXFileSystemSynchronizedBuildFileExceptionSet */, ); explicitFileTypes = {}; explicitFolders = (); path = URLShareExtension; sourceTree = "<group>"; };
/* End PBXFileSystemSynchronizedRootGroup section */

/* Begin PBXFrameworksBuildPhase section */
		2857B32C2D1C8B4C0060C9E0 /* Frameworks */ = {
			isa = PBXFrameworksBuildPhase;
			buildActionMask = 2147483647;
			files = (
			);
			runOnlyForDeploymentPostprocessing = 0;
		};
		287BDFA62D1B67EA0082161E /* Frameworks */ = {
			isa = PBXFrameworksBuildPhase;
			buildActionMask = 2147483647;
			files = (
				287BDFEC2D1B8BFE0082161E /* SwiftSoup in Frameworks */,
			);
			runOnlyForDeploymentPostprocessing = 0;
		};
		A26306662B2F578A00465B55 /* Frameworks */ = {
			isa = PBXFrameworksBuildPhase;
			buildActionMask = 2147483647;
			files = (
				287BDFA42D1B47B70082161E /* SwiftSoup in Frameworks */,
				2857B3372D1C8B4C0060C9E0 /* ComponentsCommunication.framework in Frameworks */,
			);
			runOnlyForDeploymentPostprocessing = 0;
		};
/* End PBXFrameworksBuildPhase section */

/* Begin PBXGroup section */
		286930112D21A14700690096 /* Testes */ = {
			isa = PBXGroup;
			children = (
				287BDFA12D1B47620082161E /* Testes.playground */,
			);
			path = Testes;
			sourceTree = "<group>";
		};
		A2094EAF2B3A2EB200A3F897 /* login */ = {
			isa = PBXGroup;
			children = (
				A2094EB02B3A2F7800A3F897 /* LoginBaseView.swift */,
				A2094EB22B3A31F800A3F897 /* LoginView.swift */,
				A2094EB42B3A322B00A3F897 /* LoggedView.swift */,
				A2094EB62B3A324400A3F897 /* SignupView.swift */,
			);
			path = login;
			sourceTree = "<group>";
		};
		A26306602B2F578A00465B55 = {
			isa = PBXGroup;
			children = (
				286930112D21A14700690096 /* Testes */,
				A263066B2B2F578A00465B55 /* target */,
				287BDFAA2D1B67EA0082161E /* URLShareExtension */,
				2857B3302D1C8B4C0060C9E0 /* ComponentsCommunication */,
				A263066A2B2F578A00465B55 /* Products */,
			);
			sourceTree = "<group>";
		};
		A263066A2B2F578A00465B55 /* Products */ = {
			isa = PBXGroup;
			children = (
				A26306692B2F578A00465B55 /* target.app */,
				287BDFA92D1B67EA0082161E /* URLShareExtension.appex */,
				2857B32F2D1C8B4C0060C9E0 /* ComponentsCommunication.framework */,
			);
			name = Products;
			sourceTree = "<group>";
		};
		A263066B2B2F578A00465B55 /* target */ = {
			isa = PBXGroup;
			children = (
				2896D49A2D1F825F00104AC9 /* target.entitlements */,
				A27C04432D05F22800B47736 /* imagem */,
				A2A8F76B2B42039E00FE4006 /* util */,
				A2A8F76A2B41FDEA00FE4006 /* Info.plist */,
				A263067D2B2F600D00465B55 /* provide */,
				A263067A2B2F57DB00465B55 /* view */,
				A263066C2B2F578A00465B55 /* targetApp.swift */,
				A26306702B2F578C00465B55 /* Assets.xcassets */,
				A26306722B2F578C00465B55 /* Preview Content */,
			);
			path = target;
			sourceTree = "<group>";
		};
		A26306722B2F578C00465B55 /* Preview Content */ = {
			isa = PBXGroup;
			children = (
				A26306732B2F578C00465B55 /* Preview Assets.xcassets */,
			);
			path = "Preview Content";
			sourceTree = "<group>";
		};
		A263067A2B2F57DB00465B55 /* view */ = {
			isa = PBXGroup;
			children = (
				A2FA68152C55740D00D2E8D1 /* common */,
				A2FA68142C55737100D2E8D1 /* dashboard */,
				A2FA68132C5572EB00D2E8D1 /* target */,
				A2094EAF2B3A2EB200A3F897 /* login */,
				A263066E2B2F578A00465B55 /* ContentView.swift */,
			);
			path = view;
			sourceTree = "<group>";
		};
		A263067D2B2F600D00465B55 /* provide */ = {
			isa = PBXGroup;
			children = (
				A21C12DE2BC18CF400C41143 /* RemoveBackground.swift */,
				A24DFC902BF9391200B97541 /* Tools.swift */,
			);
			path = provide;
			sourceTree = "<group>";
		};
		A27C04432D05F22800B47736 /* imagem */ = {
			isa = PBXGroup;
			children = (
				A27C04452D05F27400B47736 /* ImagemTools.swift */,
			);
			path = imagem;
			sourceTree = "<group>";
		};
		A2A8F76B2B42039E00FE4006 /* util */ = {
			isa = PBXGroup;
			children = (
				A2A8F76C2B4203BD00FE4006 /* Utils.swift */,
				A288572C2B797B6B00DDC77C /* ImagePicker.swift */,
				A2B7FEC02B9E07A40027699B /* TargetController.swift */,
			);
			path = util;
			sourceTree = "<group>";
		};
		A2FA68132C5572EB00D2E8D1 /* target */ = {
			isa = PBXGroup;
			children = (
				A2A8F7702B43A71E00FE4006 /* DetailView.swift */,
				A20E90F72B517B9D002D294C /* AddView.swift */,
			);
			path = target;
			sourceTree = "<group>";
		};
		A2FA68142C55737100D2E8D1 /* dashboard */ = {
			isa = PBXGroup;
			children = (
				A28F13E82B5FDFB7000F3425 /* CompleteView.swift */,
				A28F13EA2B5FDFDA000F3425 /* ProgressView.swift */,
				A2393CDC2B6C6C9100EADC7F /* TabMainView.swift */,
			);
			path = dashboard;
			sourceTree = "<group>";
		};
		A2FA68152C55740D00D2E8D1 /* common */ = {
			isa = PBXGroup;
			children = (
				28953CDA2D2B210300EDE104 /* UrlView.swift */,
				A2480F682B498D5E00989641 /* ImageView.swift */,
				A20E90F92B51832C002D294C /* MoneyVIew.swift */,
				A2ADB94F2B549A5E00EEAB16 /* ButtonEdit.swift */,
				A229968E2B6E6AF0003BE88C /* ImageWebView.swift */,
				A2A656872BACFE4F00C33CC5 /* DepositsView.swift */,
			);
			path = common;
			sourceTree = "<group>";
		};
/* End PBXGroup section */

/* Begin PBXHeadersBuildPhase section */
		2857B32A2D1C8B4C0060C9E0 /* Headers */ = {
			isa = PBXHeadersBuildPhase;
			buildActionMask = 2147483647;
			files = (
			);
			runOnlyForDeploymentPostprocessing = 0;
		};
/* End PBXHeadersBuildPhase section */

/* Begin PBXNativeTarget section */
		2857B32E2D1C8B4C0060C9E0 /* ComponentsCommunication */ = {
			isa = PBXNativeTarget;
			buildConfigurationList = 2857B33D2D1C8B4C0060C9E0 /* Build configuration list for PBXNativeTarget "ComponentsCommunication" */;
			buildPhases = (
				2857B32A2D1C8B4C0060C9E0 /* Headers */,
				2857B32B2D1C8B4C0060C9E0 /* Sources */,
				2857B32C2D1C8B4C0060C9E0 /* Frameworks */,
				2857B32D2D1C8B4C0060C9E0 /* Resources */,
			);
			buildRules = (
			);
			dependencies = (
			);
			fileSystemSynchronizedGroups = (
				2857B3302D1C8B4C0060C9E0 /* ComponentsCommunication */,
			);
			name = ComponentsCommunication;
			packageProductDependencies = (
			);
			productName = ComponentsCommunication;
			productReference = 2857B32F2D1C8B4C0060C9E0 /* ComponentsCommunication.framework */;
			productType = "com.apple.product-type.framework";
		};
		287BDFA82D1B67EA0082161E /* URLShareExtension */ = {
			isa = PBXNativeTarget;
			buildConfigurationList = 287BDFB52D1B67EA0082161E /* Build configuration list for PBXNativeTarget "URLShareExtension" */;
			buildPhases = (
				287BDFA52D1B67EA0082161E /* Sources */,
				287BDFA62D1B67EA0082161E /* Frameworks */,
				287BDFA72D1B67EA0082161E /* Resources */,
			);
			buildRules = (
			);
			dependencies = (
			);
			fileSystemSynchronizedGroups = (
				287BDFAA2D1B67EA0082161E /* URLShareExtension */,
			);
			name = URLShareExtension;
			packageProductDependencies = (
				287BDFEB2D1B8BFE0082161E /* SwiftSoup */,
			);
			productName = URLShareExtension;
			productReference = 287BDFA92D1B67EA0082161E /* URLShareExtension.appex */;
			productType = "com.apple.product-type.app-extension";
		};
		A26306682B2F578A00465B55 /* target */ = {
			isa = PBXNativeTarget;
			buildConfigurationList = A26306772B2F578C00465B55 /* Build configuration list for PBXNativeTarget "target" */;
			buildPhases = (
				A26306652B2F578A00465B55 /* Sources */,
				A26306662B2F578A00465B55 /* Frameworks */,
				A26306672B2F578A00465B55 /* Resources */,
				287BDFB82D1B67EA0082161E /* Embed Foundation Extensions */,
				2857B3392D1C8B4C0060C9E0 /* Embed Frameworks */,
			);
			buildRules = (
			);
			dependencies = (
				287BDFB22D1B67EA0082161E /* PBXTargetDependency */,
				2857B3362D1C8B4C0060C9E0 /* PBXTargetDependency */,
			);
			name = target;
			packageProductDependencies = (
				287BDFA32D1B47B70082161E /* SwiftSoup */,
			);
			productName = target;
			productReference = A26306692B2F578A00465B55 /* target.app */;
			productType = "com.apple.product-type.application";
		};
/* End PBXNativeTarget section */

/* Begin PBXProject section */
		A26306612B2F578A00465B55 /* Project object */ = {
			isa = PBXProject;
			attributes = {
				BuildIndependentTargetsInParallel = 1;
				LastSwiftUpdateCheck = 1620;
				LastUpgradeCheck = 1510;
				TargetAttributes = {
					2857B32E2D1C8B4C0060C9E0 = {
						CreatedOnToolsVersion = 16.2;
						LastSwiftMigration = 1620;
					};
					287BDFA82D1B67EA0082161E = {
						CreatedOnToolsVersion = 16.2;
					};
					A26306682B2F578A00465B55 = {
						CreatedOnToolsVersion = 15.1;
					};
				};
			};
			buildConfigurationList = A26306642B2F578A00465B55 /* Build configuration list for PBXProject "Target" */;
			compatibilityVersion = "Xcode 14.0";
			developmentRegion = en;
			hasScannedForEncodings = 0;
			knownRegions = (
				en,
				Base,
			);
			mainGroup = A26306602B2F578A00465B55;
			packageReferences = (
				287BDFA22D1B47B70082161E /* XCRemoteSwiftPackageReference "SwiftSoup" */,
			);
			productRefGroup = A263066A2B2F578A00465B55 /* Products */;
			projectDirPath = "";
			projectRoot = "";
			targets = (
				A26306682B2F578A00465B55 /* target */,
				287BDFA82D1B67EA0082161E /* URLShareExtension */,
				2857B32E2D1C8B4C0060C9E0 /* ComponentsCommunication */,
			);
		};
/* End PBXProject section */

/* Begin PBXResourcesBuildPhase section */
		2857B32D2D1C8B4C0060C9E0 /* Resources */ = {
			isa = PBXResourcesBuildPhase;
			buildActionMask = 2147483647;
			files = (
			);
			runOnlyForDeploymentPostprocessing = 0;
		};
		287BDFA72D1B67EA0082161E /* Resources */ = {
			isa = PBXResourcesBuildPhase;
			buildActionMask = 2147483647;
			files = (
			);
			runOnlyForDeploymentPostprocessing = 0;
		};
		A26306672B2F578A00465B55 /* Resources */ = {
			isa = PBXResourcesBuildPhase;
			buildActionMask = 2147483647;
			files = (
				A26306742B2F578C00465B55 /* Preview Assets.xcassets in Resources */,
				A26306712B2F578C00465B55 /* Assets.xcassets in Resources */,
			);
			runOnlyForDeploymentPostprocessing = 0;
		};
/* End PBXResourcesBuildPhase section */

/* Begin PBXSourcesBuildPhase section */
		2857B32B2D1C8B4C0060C9E0 /* Sources */ = {
			isa = PBXSourcesBuildPhase;
			buildActionMask = 2147483647;
			files = (
			);
			runOnlyForDeploymentPostprocessing = 0;
		};
		287BDFA52D1B67EA0082161E /* Sources */ = {
			isa = PBXSourcesBuildPhase;
			buildActionMask = 2147483647;
			files = (
			);
			runOnlyForDeploymentPostprocessing = 0;
		};
		A26306652B2F578A00465B55 /* Sources */ = {
			isa = PBXSourcesBuildPhase;
			buildActionMask = 2147483647;
			files = (
				A288572D2B797B6B00DDC77C /* ImagePicker.swift in Sources */,
				A2094EB72B3A324400A3F897 /* SignupView.swift in Sources */,
				A2480F692B498D5E00989641 /* ImageView.swift in Sources */,
				A20E90FA2B51832C002D294C /* MoneyVIew.swift in Sources */,
				A2094EB52B3A322B00A3F897 /* LoggedView.swift in Sources */,
				A2094EB12B3A2F7800A3F897 /* LoginBaseView.swift in Sources */,
				A2ADB9502B549A5E00EEAB16 /* ButtonEdit.swift in Sources */,
				A2393CDD2B6C6C9100EADC7F /* TabMainView.swift in Sources */,
				A2A8F76D2B4203BD00FE4006 /* Utils.swift in Sources */,
				A20E90F82B517B9D002D294C /* AddView.swift in Sources */,
				A2B7FEC12B9E07A40027699B /* TargetController.swift in Sources */,
				A28F13E92B5FDFB7000F3425 /* CompleteView.swift in Sources */,
				A263066F2B2F578A00465B55 /* ContentView.swift in Sources */,
				A2A656882BACFE4F00C33CC5 /* DepositsView.swift in Sources */,
				A21C12DF2BC18CF400C41143 /* RemoveBackground.swift in Sources */,
				A24DFC912BF9391200B97541 /* Tools.swift in Sources */,
				A229968F2B6E6AF0003BE88C /* ImageWebView.swift in Sources */,
				A2094EB32B3A31F800A3F897 /* LoginView.swift in Sources */,
				A263066D2B2F578A00465B55 /* targetApp.swift in Sources */,
				A2A8F7712B43A71E00FE4006 /* DetailView.swift in Sources */,
				28953CDB2D2B210A00EDE104 /* UrlView.swift in Sources */,
				A28F13EB2B5FDFDA000F3425 /* ProgressView.swift in Sources */,
				A27C04462D05F27400B47736 /* ImagemTools.swift in Sources */,
			);
			runOnlyForDeploymentPostprocessing = 0;
		};
/* End PBXSourcesBuildPhase section */

/* Begin PBXTargetDependency section */
		2857B3362D1C8B4C0060C9E0 /* PBXTargetDependency */ = {
			isa = PBXTargetDependency;
			target = 2857B32E2D1C8B4C0060C9E0 /* ComponentsCommunication */;
			targetProxy = 2857B3352D1C8B4C0060C9E0 /* PBXContainerItemProxy */;
		};
		287BDFB22D1B67EA0082161E /* PBXTargetDependency */ = {
			isa = PBXTargetDependency;
			target = 287BDFA82D1B67EA0082161E /* URLShareExtension */;
			targetProxy = 287BDFB12D1B67EA0082161E /* PBXContainerItemProxy */;
		};
/* End PBXTargetDependency section */

/* Begin XCBuildConfiguration section */
		2857B33A2D1C8B4C0060C9E0 /* Debug */ = {
			isa = XCBuildConfiguration;
			buildSettings = {
				BUILD_LIBRARY_FOR_DISTRIBUTION = YES;
				CLANG_ENABLE_MODULES = YES;
				CODE_SIGN_STYLE = Automatic;
				CURRENT_PROJECT_VERSION = 1;
				DEFINES_MODULE = YES;
				DEVELOPMENT_TEAM = NYSLTBQZ24;
				DYLIB_COMPATIBILITY_VERSION = 1;
				DYLIB_CURRENT_VERSION = 1;
				DYLIB_INSTALL_NAME_BASE = "@rpath";
				ENABLE_MODULE_VERIFIER = YES;
				GENERATE_INFOPLIST_FILE = YES;
				INFOPLIST_KEY_NSHumanReadableCopyright = "";
				INSTALL_PATH = "$(LOCAL_LIBRARY_DIR)/Frameworks";
				IPHONEOS_DEPLOYMENT_TARGET = 17.0;
				LD_RUNPATH_SEARCH_PATHS = (
					"$(inherited)",
					"@executable_path/Frameworks",
					"@loader_path/Frameworks",
				);
				MARKETING_VERSION = 1.0;
				MODULE_VERIFIER_SUPPORTED_LANGUAGES = "objective-c objective-c++";
				MODULE_VERIFIER_SUPPORTED_LANGUAGE_STANDARDS = "gnu17 gnu++20";
				PRODUCT_BUNDLE_IDENTIFIER = br.com.savio.ComponentsCommunication;
				PRODUCT_NAME = "$(TARGET_NAME:c99extidentifier)";
				SKIP_INSTALL = YES;
				SUPPORTED_PLATFORMS = "iphoneos iphonesimulator";
				SUPPORTS_MACCATALYST = NO;
				SUPPORTS_MAC_DESIGNED_FOR_IPHONE_IPAD = NO;
				SUPPORTS_XR_DESIGNED_FOR_IPHONE_IPAD = NO;
				SWIFT_EMIT_LOC_STRINGS = YES;
				SWIFT_INSTALL_OBJC_HEADER = NO;
				SWIFT_OPTIMIZATION_LEVEL = "-Onone";
				SWIFT_VERSION = 5.0;
				TARGETED_DEVICE_FAMILY = "1,2";
				VERSIONING_SYSTEM = "apple-generic";
				VERSION_INFO_PREFIX = "";
			};
			name = Debug;
		};
		2857B33B2D1C8B4C0060C9E0 /* Release */ = {
			isa = XCBuildConfiguration;
			buildSettings = {
				BUILD_LIBRARY_FOR_DISTRIBUTION = YES;
				CLANG_ENABLE_MODULES = YES;
				CODE_SIGN_STYLE = Automatic;
				CURRENT_PROJECT_VERSION = 1;
				DEFINES_MODULE = YES;
				DEVELOPMENT_TEAM = NYSLTBQZ24;
				DYLIB_COMPATIBILITY_VERSION = 1;
				DYLIB_CURRENT_VERSION = 1;
				DYLIB_INSTALL_NAME_BASE = "@rpath";
				ENABLE_MODULE_VERIFIER = YES;
				GENERATE_INFOPLIST_FILE = YES;
				INFOPLIST_KEY_NSHumanReadableCopyright = "";
				INSTALL_PATH = "$(LOCAL_LIBRARY_DIR)/Frameworks";
				IPHONEOS_DEPLOYMENT_TARGET = 17.0;
				LD_RUNPATH_SEARCH_PATHS = (
					"$(inherited)",
					"@executable_path/Frameworks",
					"@loader_path/Frameworks",
				);
				MARKETING_VERSION = 1.0;
				MODULE_VERIFIER_SUPPORTED_LANGUAGES = "objective-c objective-c++";
				MODULE_VERIFIER_SUPPORTED_LANGUAGE_STANDARDS = "gnu17 gnu++20";
				PRODUCT_BUNDLE_IDENTIFIER = br.com.savio.ComponentsCommunication;
				PRODUCT_NAME = "$(TARGET_NAME:c99extidentifier)";
				SKIP_INSTALL = YES;
				SUPPORTED_PLATFORMS = "iphoneos iphonesimulator";
				SUPPORTS_MACCATALYST = NO;
				SUPPORTS_MAC_DESIGNED_FOR_IPHONE_IPAD = NO;
				SUPPORTS_XR_DESIGNED_FOR_IPHONE_IPAD = NO;
				SWIFT_EMIT_LOC_STRINGS = YES;
				SWIFT_INSTALL_OBJC_HEADER = NO;
				SWIFT_VERSION = 5.0;
				TARGETED_DEVICE_FAMILY = "1,2";
				VERSIONING_SYSTEM = "apple-generic";
				VERSION_INFO_PREFIX = "";
			};
			name = Release;
		};
		287BDFB62D1B67EA0082161E /* Debug */ = {
			isa = XCBuildConfiguration;
			buildSettings = {
				CODE_SIGN_ENTITLEMENTS = URLShareExtension/URLShareExtension.entitlements;
				CODE_SIGN_STYLE = Automatic;
				CURRENT_PROJECT_VERSION = 1;
				DEVELOPMENT_TEAM = NYSLTBQZ24;
				GENERATE_INFOPLIST_FILE = YES;
				INFOPLIST_FILE = URLShareExtension/Info.plist;
				INFOPLIST_KEY_CFBundleDisplayName = URLShareExtension;
				INFOPLIST_KEY_NSHumanReadableCopyright = "";
				IPHONEOS_DEPLOYMENT_TARGET = 17.0;
				LD_RUNPATH_SEARCH_PATHS = (
					"$(inherited)",
					"@executable_path/Frameworks",
					"@executable_path/../../Frameworks",
				);
				MARKETING_VERSION = 1.0;
				PRODUCT_BUNDLE_IDENTIFIER = br.com.savio2503.target.URLShareExtension;
				PRODUCT_NAME = "$(TARGET_NAME)";
				SKIP_INSTALL = YES;
				SUPPORTED_PLATFORMS = "iphoneos iphonesimulator";
				SUPPORTS_MACCATALYST = NO;
				SUPPORTS_MAC_DESIGNED_FOR_IPHONE_IPAD = NO;
				SUPPORTS_XR_DESIGNED_FOR_IPHONE_IPAD = NO;
				SWIFT_EMIT_LOC_STRINGS = YES;
				SWIFT_VERSION = 5.0;
				TARGETED_DEVICE_FAMILY = "1,2";
			};
			name = Debug;
		};
		287BDFB72D1B67EA0082161E /* Release */ = {
			isa = XCBuildConfiguration;
			buildSettings = {
				CODE_SIGN_ENTITLEMENTS = URLShareExtension/URLShareExtension.entitlements;
				CODE_SIGN_STYLE = Automatic;
				CURRENT_PROJECT_VERSION = 1;
				DEVELOPMENT_TEAM = NYSLTBQZ24;
				GENERATE_INFOPLIST_FILE = YES;
				INFOPLIST_FILE = URLShareExtension/Info.plist;
				INFOPLIST_KEY_CFBundleDisplayName = URLShareExtension;
				INFOPLIST_KEY_NSHumanReadableCopyright = "";
				IPHONEOS_DEPLOYMENT_TARGET = 17.0;
				LD_RUNPATH_SEARCH_PATHS = (
					"$(inherited)",
					"@executable_path/Frameworks",
					"@executable_path/../../Frameworks",
				);
				MARKETING_VERSION = 1.0;
				PRODUCT_BUNDLE_IDENTIFIER = br.com.savio2503.target.URLShareExtension;
				PRODUCT_NAME = "$(TARGET_NAME)";
				SKIP_INSTALL = YES;
				SUPPORTED_PLATFORMS = "iphoneos iphonesimulator";
				SUPPORTS_MACCATALYST = NO;
				SUPPORTS_MAC_DESIGNED_FOR_IPHONE_IPAD = NO;
				SUPPORTS_XR_DESIGNED_FOR_IPHONE_IPAD = NO;
				SWIFT_EMIT_LOC_STRINGS = YES;
				SWIFT_VERSION = 5.0;
				TARGETED_DEVICE_FAMILY = "1,2";
			};
			name = Release;
		};
		A26306752B2F578C00465B55 /* Debug */ = {
			isa = XCBuildConfiguration;
			buildSettings = {
				ALWAYS_SEARCH_USER_PATHS = NO;
				ASSETCATALOG_COMPILER_GENERATE_SWIFT_ASSET_SYMBOL_EXTENSIONS = YES;
				CLANG_ANALYZER_NONNULL = YES;
				CLANG_ANALYZER_NUMBER_OBJECT_CONVERSION = YES_AGGRESSIVE;
				CLANG_CXX_LANGUAGE_STANDARD = "gnu++20";
				CLANG_ENABLE_MODULES = YES;
				CLANG_ENABLE_OBJC_ARC = YES;
				CLANG_ENABLE_OBJC_WEAK = YES;
				CLANG_WARN_BLOCK_CAPTURE_AUTORELEASING = YES;
				CLANG_WARN_BOOL_CONVERSION = YES;
				CLANG_WARN_COMMA = YES;
				CLANG_WARN_CONSTANT_CONVERSION = YES;
				CLANG_WARN_DEPRECATED_OBJC_IMPLEMENTATIONS = YES;
				CLANG_WARN_DIRECT_OBJC_ISA_USAGE = YES_ERROR;
				CLANG_WARN_DOCUMENTATION_COMMENTS = YES;
				CLANG_WARN_EMPTY_BODY = YES;
				CLANG_WARN_ENUM_CONVERSION = YES;
				CLANG_WARN_INFINITE_RECURSION = YES;
				CLANG_WARN_INT_CONVERSION = YES;
				CLANG_WARN_NON_LITERAL_NULL_CONVERSION = YES;
				CLANG_WARN_OBJC_IMPLICIT_RETAIN_SELF = YES;
				CLANG_WARN_OBJC_LITERAL_CONVERSION = YES;
				CLANG_WARN_OBJC_ROOT_CLASS = YES_ERROR;
				CLANG_WARN_QUOTED_INCLUDE_IN_FRAMEWORK_HEADER = YES;
				CLANG_WARN_RANGE_LOOP_ANALYSIS = YES;
				CLANG_WARN_STRICT_PROTOTYPES = YES;
				CLANG_WARN_SUSPICIOUS_MOVE = YES;
				CLANG_WARN_UNGUARDED_AVAILABILITY = YES_AGGRESSIVE;
				CLANG_WARN_UNREACHABLE_CODE = YES;
				CLANG_WARN__DUPLICATE_METHOD_MATCH = YES;
				COPY_PHASE_STRIP = NO;
				DEBUG_INFORMATION_FORMAT = dwarf;
				ENABLE_STRICT_OBJC_MSGSEND = YES;
				ENABLE_TESTABILITY = YES;
				ENABLE_USER_SCRIPT_SANDBOXING = YES;
				GCC_C_LANGUAGE_STANDARD = gnu17;
				GCC_DYNAMIC_NO_PIC = NO;
				GCC_NO_COMMON_BLOCKS = YES;
				GCC_OPTIMIZATION_LEVEL = 0;
				GCC_PREPROCESSOR_DEFINITIONS = (
					"DEBUG=1",
					"$(inherited)",
				);
				GCC_WARN_64_TO_32_BIT_CONVERSION = YES;
				GCC_WARN_ABOUT_RETURN_TYPE = YES_ERROR;
				GCC_WARN_UNDECLARED_SELECTOR = YES;
				GCC_WARN_UNINITIALIZED_AUTOS = YES_AGGRESSIVE;
				GCC_WARN_UNUSED_FUNCTION = YES;
				GCC_WARN_UNUSED_VARIABLE = YES;
				IPHONEOS_DEPLOYMENT_TARGET = 17.0;
				LOCALIZATION_PREFERS_STRING_CATALOGS = YES;
				MTL_ENABLE_DEBUG_INFO = INCLUDE_SOURCE;
				MTL_FAST_MATH = YES;
				ONLY_ACTIVE_ARCH = YES;
				SDKROOT = iphoneos;
				SWIFT_ACTIVE_COMPILATION_CONDITIONS = "DEBUG $(inherited)";
				SWIFT_OPTIMIZATION_LEVEL = "-Onone";
			};
			name = Debug;
		};
		A26306762B2F578C00465B55 /* Release */ = {
			isa = XCBuildConfiguration;
			buildSettings = {
				ALWAYS_SEARCH_USER_PATHS = NO;
				ASSETCATALOG_COMPILER_GENERATE_SWIFT_ASSET_SYMBOL_EXTENSIONS = YES;
				CLANG_ANALYZER_NONNULL = YES;
				CLANG_ANALYZER_NUMBER_OBJECT_CONVERSION = YES_AGGRESSIVE;
				CLANG_CXX_LANGUAGE_STANDARD = "gnu++20";
				CLANG_ENABLE_MODULES = YES;
				CLANG_ENABLE_OBJC_ARC = YES;
				CLANG_ENABLE_OBJC_WEAK = YES;
				CLANG_WARN_BLOCK_CAPTURE_AUTORELEASING = YES;
				CLANG_WARN_BOOL_CONVERSION = YES;
				CLANG_WARN_COMMA = YES;
				CLANG_WARN_CONSTANT_CONVERSION = YES;
				CLANG_WARN_DEPRECATED_OBJC_IMPLEMENTATIONS = YES;
				CLANG_WARN_DIRECT_OBJC_ISA_USAGE = YES_ERROR;
				CLANG_WARN_DOCUMENTATION_COMMENTS = YES;
				CLANG_WARN_EMPTY_BODY = YES;
				CLANG_WARN_ENUM_CONVERSION = YES;
				CLANG_WARN_INFINITE_RECURSION = YES;
				CLANG_WARN_INT_CONVERSION = YES;
				CLANG_WARN_NON_LITERAL_NULL_CONVERSION = YES;
				CLANG_WARN_OBJC_IMPLICIT_RETAIN_SELF = YES;
				CLANG_WARN_OBJC_LITERAL_CONVERSION = YES;
				CLANG_WARN_OBJC_ROOT_CLASS = YES_ERROR;
				CLANG_WARN_QUOTED_INCLUDE_IN_FRAMEWORK_HEADER = YES;
				CLANG_WARN_RANGE_LOOP_ANALYSIS = YES;
				CLANG_WARN_STRICT_PROTOTYPES = YES;
				CLANG_WARN_SUSPICIOUS_MOVE = YES;
				CLANG_WARN_UNGUARDED_AVAILABILITY = YES_AGGRESSIVE;
				CLANG_WARN_UNREACHABLE_CODE = YES;
				CLANG_WARN__DUPLICATE_METHOD_MATCH = YES;
				COPY_PHASE_STRIP = NO;
				DEBUG_INFORMATION_FORMAT = "dwarf-with-dsym";
				ENABLE_NS_ASSERTIONS = NO;
				ENABLE_STRICT_OBJC_MSGSEND = YES;
				ENABLE_USER_SCRIPT_SANDBOXING = YES;
				GCC_C_LANGUAGE_STANDARD = gnu17;
				GCC_NO_COMMON_BLOCKS = YES;
				GCC_WARN_64_TO_32_BIT_CONVERSION = YES;
				GCC_WARN_ABOUT_RETURN_TYPE = YES_ERROR;
				GCC_WARN_UNDECLARED_SELECTOR = YES;
				GCC_WARN_UNINITIALIZED_AUTOS = YES_AGGRESSIVE;
				GCC_WARN_UNUSED_FUNCTION = YES;
				GCC_WARN_UNUSED_VARIABLE = YES;
				IPHONEOS_DEPLOYMENT_TARGET = 17.0;
				LOCALIZATION_PREFERS_STRING_CATALOGS = YES;
				MTL_ENABLE_DEBUG_INFO = NO;
				MTL_FAST_MATH = YES;
				SDKROOT = iphoneos;
				SWIFT_COMPILATION_MODE = wholemodule;
				VALIDATE_PRODUCT = YES;
			};
			name = Release;
		};
		A26306782B2F578C00465B55 /* Debug */ = {
			isa = XCBuildConfiguration;
			buildSettings = {
				ASSETCATALOG_COMPILER_APPICON_NAME = AppIcon;
				CODE_SIGN_ENTITLEMENTS = target/target.entitlements;
				CODE_SIGN_STYLE = Automatic;
				CURRENT_PROJECT_VERSION = 1;
				DEVELOPMENT_ASSET_PATHS = "\"target/Preview Content\"";
				DEVELOPMENT_TEAM = NYSLTBQZ24;
				ENABLE_PREVIEWS = YES;
				GENERATE_INFOPLIST_FILE = YES;
				INFOPLIST_FILE = target/Info.plist;
				INFOPLIST_KEY_CFBundleDisplayName = target;
				INFOPLIST_KEY_LSApplicationCategoryType = "public.app-category.finance";
				INFOPLIST_KEY_UIApplicationSceneManifest_Generation = YES;
				INFOPLIST_KEY_UIApplicationSupportsIndirectInputEvents = YES;
				INFOPLIST_KEY_UILaunchScreen_Generation = YES;
				INFOPLIST_KEY_UISupportedInterfaceOrientations = "UIInterfaceOrientationPortrait UIInterfaceOrientationPortraitUpsideDown";
				INFOPLIST_KEY_UISupportedInterfaceOrientations_iPad = "UIInterfaceOrientationLandscapeLeft UIInterfaceOrientationLandscapeRight UIInterfaceOrientationPortrait UIInterfaceOrientationPortraitUpsideDown";
				IPHONEOS_DEPLOYMENT_TARGET = 17.0;
				LD_RUNPATH_SEARCH_PATHS = (
					"$(inherited)",
					"@executable_path/Frameworks",
				);
				MARKETING_VERSION = 1.0;
				PRODUCT_BUNDLE_IDENTIFIER = br.com.savio2503.target;
				PRODUCT_NAME = "$(TARGET_NAME)";
				SUPPORTED_PLATFORMS = "iphoneos iphonesimulator";
				SUPPORTS_MACCATALYST = NO;
				SUPPORTS_MAC_DESIGNED_FOR_IPHONE_IPAD = NO;
				SUPPORTS_XR_DESIGNED_FOR_IPHONE_IPAD = NO;
				SWIFT_EMIT_LOC_STRINGS = YES;
				SWIFT_VERSION = 5.0;
				TARGETED_DEVICE_FAMILY = "1,2";
			};
			name = Debug;
		};
		A26306792B2F578C00465B55 /* Release */ = {
			isa = XCBuildConfiguration;
			buildSettings = {
				ASSETCATALOG_COMPILER_APPICON_NAME = AppIcon;
				CODE_SIGN_ENTITLEMENTS = target/target.entitlements;
				CODE_SIGN_STYLE = Automatic;
				CURRENT_PROJECT_VERSION = 1;
				DEVELOPMENT_ASSET_PATHS = "\"target/Preview Content\"";
				DEVELOPMENT_TEAM = NYSLTBQZ24;
				ENABLE_PREVIEWS = YES;
				GENERATE_INFOPLIST_FILE = YES;
				INFOPLIST_FILE = target/Info.plist;
				INFOPLIST_KEY_CFBundleDisplayName = target;
				INFOPLIST_KEY_LSApplicationCategoryType = "public.app-category.finance";
				INFOPLIST_KEY_UIApplicationSceneManifest_Generation = YES;
				INFOPLIST_KEY_UIApplicationSupportsIndirectInputEvents = YES;
				INFOPLIST_KEY_UILaunchScreen_Generation = YES;
				INFOPLIST_KEY_UISupportedInterfaceOrientations = "UIInterfaceOrientationPortrait UIInterfaceOrientationPortraitUpsideDown";
				INFOPLIST_KEY_UISupportedInterfaceOrientations_iPad = "UIInterfaceOrientationLandscapeLeft UIInterfaceOrientationLandscapeRight UIInterfaceOrientationPortrait UIInterfaceOrientationPortraitUpsideDown";
				IPHONEOS_DEPLOYMENT_TARGET = 17.0;
				LD_RUNPATH_SEARCH_PATHS = (
					"$(inherited)",
					"@executable_path/Frameworks",
				);
				MARKETING_VERSION = 1.0;
				PRODUCT_BUNDLE_IDENTIFIER = br.com.savio2503.target;
				PRODUCT_NAME = "$(TARGET_NAME)";
				SUPPORTED_PLATFORMS = "iphoneos iphonesimulator";
				SUPPORTS_MACCATALYST = NO;
				SUPPORTS_MAC_DESIGNED_FOR_IPHONE_IPAD = NO;
				SUPPORTS_XR_DESIGNED_FOR_IPHONE_IPAD = NO;
				SWIFT_EMIT_LOC_STRINGS = YES;
				SWIFT_VERSION = 5.0;
				TARGETED_DEVICE_FAMILY = "1,2";
			};
			name = Release;
		};
/* End XCBuildConfiguration section */

/* Begin XCConfigurationList section */
		2857B33D2D1C8B4C0060C9E0 /* Build configuration list for PBXNativeTarget "ComponentsCommunication" */ = {
			isa = XCConfigurationList;
			buildConfigurations = (
				2857B33A2D1C8B4C0060C9E0 /* Debug */,
				2857B33B2D1C8B4C0060C9E0 /* Release */,
			);
			defaultConfigurationIsVisible = 0;
			defaultConfigurationName = Release;
		};
		287BDFB52D1B67EA0082161E /* Build configuration list for PBXNativeTarget "URLShareExtension" */ = {
			isa = XCConfigurationList;
			buildConfigurations = (
				287BDFB62D1B67EA0082161E /* Debug */,
				287BDFB72D1B67EA0082161E /* Release */,
			);
			defaultConfigurationIsVisible = 0;
			defaultConfigurationName = Release;
		};
		A26306642B2F578A00465B55 /* Build configuration list for PBXProject "Target" */ = {
			isa = XCConfigurationList;
			buildConfigurations = (
				A26306752B2F578C00465B55 /* Debug */,
				A26306762B2F578C00465B55 /* Release */,
			);
			defaultConfigurationIsVisible = 0;
			defaultConfigurationName = Release;
		};
		A26306772B2F578C00465B55 /* Build configuration list for PBXNativeTarget "target" */ = {
			isa = XCConfigurationList;
			buildConfigurations = (
				A26306782B2F578C00465B55 /* Debug */,
				A26306792B2F578C00465B55 /* Release */,
			);
			defaultConfigurationIsVisible = 0;
			defaultConfigurationName = Release;
		};
/* End XCConfigurationList section */

/* Begin XCRemoteSwiftPackageReference section */
		287BDFA22D1B47B70082161E /* XCRemoteSwiftPackageReference "SwiftSoup" */ = {
			isa = XCRemoteSwiftPackageReference;
			repositoryURL = "https://github.com/scinfu/SwiftSoup.git";
			requirement = {
				kind = upToNextMajorVersion;
				minimumVersion = 2.7.6;
			};
		};
/* End XCRemoteSwiftPackageReference section */

/* Begin XCSwiftPackageProductDependency section */
		287BDFA32D1B47B70082161E /* SwiftSoup */ = {
			isa = XCSwiftPackageProductDependency;
			package = 287BDFA22D1B47B70082161E /* XCRemoteSwiftPackageReference "SwiftSoup" */;
			productName = SwiftSoup;
		};
		287BDFEB2D1B8BFE0082161E /* SwiftSoup */ = {
			isa = XCSwiftPackageProductDependency;
			package = 287BDFA22D1B47B70082161E /* XCRemoteSwiftPackageReference "SwiftSoup" */;
			productName = SwiftSoup;
		};
/* End XCSwiftPackageProductDependency section */
	};
	rootObject = A26306612B2F578A00465B55 /* Project object */;
}
