// !$*UTF8*$!
{
	archiveVersion = 1;
	classes = {
	};
	objectVersion = 56;
	objects = {

/* Begin PBXBuildFile section */
		A24FEB5028F3864C005B22CC /* Utils.swift in Sources */ = {isa = PBXBuildFile; fileRef = A24FEB4F28F3864C005B22CC /* Utils.swift */; };
		A257A0802917243E0040FFED /* TypeValue.swift in Sources */ = {isa = PBXBuildFile; fileRef = A257A07F2917243E0040FFED /* TypeValue.swift */; };
		A286787528EBBB8E007B56EA /* ParseSwift in Frameworks */ = {isa = PBXBuildFile; productRef = A286787428EBBB8E007B56EA /* ParseSwift */; };
		A286787A28EBC1E1007B56EA /* AddTargetViewController.swift in Sources */ = {isa = PBXBuildFile; fileRef = A286787928EBC1E1007B56EA /* AddTargetViewController.swift */; };
		A286787C28EBC20B007B56EA /* CriarViewController.swift in Sources */ = {isa = PBXBuildFile; fileRef = A286787B28EBC20B007B56EA /* CriarViewController.swift */; };
		A286787E28EBC232007B56EA /* EditTargetViewController.swift in Sources */ = {isa = PBXBuildFile; fileRef = A286787D28EBC232007B56EA /* EditTargetViewController.swift */; };
		A286788028EBC247007B56EA /* LoginViewController.swift in Sources */ = {isa = PBXBuildFile; fileRef = A286787F28EBC247007B56EA /* LoginViewController.swift */; };
		A286788228EBC263007B56EA /* TableViewController.swift in Sources */ = {isa = PBXBuildFile; fileRef = A286788128EBC263007B56EA /* TableViewController.swift */; };
		A286788528EBC287007B56EA /* DebitTableViewCell.swift in Sources */ = {isa = PBXBuildFile; fileRef = A286788428EBC287007B56EA /* DebitTableViewCell.swift */; };
		A286788728EBC29B007B56EA /* ObjetivoCelula.swift in Sources */ = {isa = PBXBuildFile; fileRef = A286788628EBC29B007B56EA /* ObjetivoCelula.swift */; };
		A286788A28EBC4B6007B56EA /* User.swift in Sources */ = {isa = PBXBuildFile; fileRef = A286788928EBC4B6007B56EA /* User.swift */; };
		A286788D28EBC954007B56EA /* UserManager.swift in Sources */ = {isa = PBXBuildFile; fileRef = A286788C28EBC954007B56EA /* UserManager.swift */; };
		A286789028EBCA54007B56EA /* UserRepository.swift in Sources */ = {isa = PBXBuildFile; fileRef = A286788F28EBCA54007B56EA /* UserRepository.swift */; };
		A296FAD128F7A9DA00FB6AB7 /* Debit.swift in Sources */ = {isa = PBXBuildFile; fileRef = A296FAD028F7A9DA00FB6AB7 /* Debit.swift */; };
		A296FAD328F7AA3A00FB6AB7 /* DebitManager.swift in Sources */ = {isa = PBXBuildFile; fileRef = A296FAD228F7AA3A00FB6AB7 /* DebitManager.swift */; };
		A29A356628F6E4AD0006BF8E /* TargetManager.swift in Sources */ = {isa = PBXBuildFile; fileRef = A29A356528F6E4AD0006BF8E /* TargetManager.swift */; };
		A29A356828F6E4B80006BF8E /* Target.swift in Sources */ = {isa = PBXBuildFile; fileRef = A29A356728F6E4B80006BF8E /* Target.swift */; };
		A29A39AC28EBBA0A008D4560 /* AppDelegate.swift in Sources */ = {isa = PBXBuildFile; fileRef = A29A39AB28EBBA0A008D4560 /* AppDelegate.swift */; };
		A29A39AE28EBBA0A008D4560 /* SceneDelegate.swift in Sources */ = {isa = PBXBuildFile; fileRef = A29A39AD28EBBA0A008D4560 /* SceneDelegate.swift */; };
		A29A39B328EBBA0A008D4560 /* Main.storyboard in Resources */ = {isa = PBXBuildFile; fileRef = A29A39B128EBBA0A008D4560 /* Main.storyboard */; };
		A29A39B528EBBA0B008D4560 /* Assets.xcassets in Resources */ = {isa = PBXBuildFile; fileRef = A29A39B428EBBA0B008D4560 /* Assets.xcassets */; };
		A29A39B828EBBA0B008D4560 /* LaunchScreen.storyboard in Resources */ = {isa = PBXBuildFile; fileRef = A29A39B628EBBA0B008D4560 /* LaunchScreen.storyboard */; };
/* End PBXBuildFile section */

/* Begin PBXFileReference section */
		A24FEB4F28F3864C005B22CC /* Utils.swift */ = {isa = PBXFileReference; lastKnownFileType = sourcecode.swift; path = Utils.swift; sourceTree = "<group>"; };
		A257A07F2917243E0040FFED /* TypeValue.swift */ = {isa = PBXFileReference; lastKnownFileType = sourcecode.swift; path = TypeValue.swift; sourceTree = "<group>"; };
		A286787928EBC1E1007B56EA /* AddTargetViewController.swift */ = {isa = PBXFileReference; lastKnownFileType = sourcecode.swift; path = AddTargetViewController.swift; sourceTree = "<group>"; };
		A286787B28EBC20B007B56EA /* CriarViewController.swift */ = {isa = PBXFileReference; lastKnownFileType = sourcecode.swift; path = CriarViewController.swift; sourceTree = "<group>"; };
		A286787D28EBC232007B56EA /* EditTargetViewController.swift */ = {isa = PBXFileReference; lastKnownFileType = sourcecode.swift; path = EditTargetViewController.swift; sourceTree = "<group>"; };
		A286787F28EBC247007B56EA /* LoginViewController.swift */ = {isa = PBXFileReference; lastKnownFileType = sourcecode.swift; path = LoginViewController.swift; sourceTree = "<group>"; };
		A286788128EBC263007B56EA /* TableViewController.swift */ = {isa = PBXFileReference; lastKnownFileType = sourcecode.swift; path = TableViewController.swift; sourceTree = "<group>"; };
		A286788428EBC287007B56EA /* DebitTableViewCell.swift */ = {isa = PBXFileReference; lastKnownFileType = sourcecode.swift; path = DebitTableViewCell.swift; sourceTree = "<group>"; };
		A286788628EBC29B007B56EA /* ObjetivoCelula.swift */ = {isa = PBXFileReference; lastKnownFileType = sourcecode.swift; path = ObjetivoCelula.swift; sourceTree = "<group>"; };
		A286788928EBC4B6007B56EA /* User.swift */ = {isa = PBXFileReference; lastKnownFileType = sourcecode.swift; path = User.swift; sourceTree = "<group>"; };
		A286788C28EBC954007B56EA /* UserManager.swift */ = {isa = PBXFileReference; lastKnownFileType = sourcecode.swift; path = UserManager.swift; sourceTree = "<group>"; };
		A286788F28EBCA54007B56EA /* UserRepository.swift */ = {isa = PBXFileReference; lastKnownFileType = sourcecode.swift; path = UserRepository.swift; sourceTree = "<group>"; };
		A296FAD028F7A9DA00FB6AB7 /* Debit.swift */ = {isa = PBXFileReference; lastKnownFileType = sourcecode.swift; path = Debit.swift; sourceTree = "<group>"; };
		A296FAD228F7AA3A00FB6AB7 /* DebitManager.swift */ = {isa = PBXFileReference; lastKnownFileType = sourcecode.swift; path = DebitManager.swift; sourceTree = "<group>"; };
		A29A356528F6E4AD0006BF8E /* TargetManager.swift */ = {isa = PBXFileReference; lastKnownFileType = sourcecode.swift; path = TargetManager.swift; sourceTree = "<group>"; };
		A29A356728F6E4B80006BF8E /* Target.swift */ = {isa = PBXFileReference; lastKnownFileType = sourcecode.swift; path = Target.swift; sourceTree = "<group>"; };
		A29A39A828EBBA0A008D4560 /* Target.app */ = {isa = PBXFileReference; explicitFileType = wrapper.application; includeInIndex = 0; path = Target.app; sourceTree = BUILT_PRODUCTS_DIR; };
		A29A39AB28EBBA0A008D4560 /* AppDelegate.swift */ = {isa = PBXFileReference; lastKnownFileType = sourcecode.swift; path = AppDelegate.swift; sourceTree = "<group>"; };
		A29A39AD28EBBA0A008D4560 /* SceneDelegate.swift */ = {isa = PBXFileReference; lastKnownFileType = sourcecode.swift; path = SceneDelegate.swift; sourceTree = "<group>"; };
		A29A39B228EBBA0A008D4560 /* Base */ = {isa = PBXFileReference; lastKnownFileType = file.storyboard; name = Base; path = Base.lproj/Main.storyboard; sourceTree = "<group>"; };
		A29A39B428EBBA0B008D4560 /* Assets.xcassets */ = {isa = PBXFileReference; lastKnownFileType = folder.assetcatalog; path = Assets.xcassets; sourceTree = "<group>"; };
		A29A39B728EBBA0B008D4560 /* Base */ = {isa = PBXFileReference; lastKnownFileType = file.storyboard; name = Base; path = Base.lproj/LaunchScreen.storyboard; sourceTree = "<group>"; };
		A29A39B928EBBA0B008D4560 /* Info.plist */ = {isa = PBXFileReference; lastKnownFileType = text.plist.xml; path = Info.plist; sourceTree = "<group>"; };
/* End PBXFileReference section */

/* Begin PBXFrameworksBuildPhase section */
		A29A39A528EBBA0A008D4560 /* Frameworks */ = {
			isa = PBXFrameworksBuildPhase;
			buildActionMask = 2147483647;
			files = (
				A286787528EBBB8E007B56EA /* ParseSwift in Frameworks */,
			);
			runOnlyForDeploymentPostprocessing = 0;
		};
/* End PBXFrameworksBuildPhase section */

/* Begin PBXGroup section */
		A24FEB4E28F38631005B22CC /* Util */ = {
			isa = PBXGroup;
			children = (
				A24FEB4F28F3864C005B22CC /* Utils.swift */,
			);
			path = Util;
			sourceTree = "<group>";
		};
		A286787628EBC0F1007B56EA /* Delegate */ = {
			isa = PBXGroup;
			children = (
				A29A39AB28EBBA0A008D4560 /* AppDelegate.swift */,
				A29A39AD28EBBA0A008D4560 /* SceneDelegate.swift */,
			);
			path = Delegate;
			sourceTree = "<group>";
		};
		A286787728EBC0F7007B56EA /* Controller */ = {
			isa = PBXGroup;
			children = (
				A286787928EBC1E1007B56EA /* AddTargetViewController.swift */,
				A286787B28EBC20B007B56EA /* CriarViewController.swift */,
				A286787D28EBC232007B56EA /* EditTargetViewController.swift */,
				A286787F28EBC247007B56EA /* LoginViewController.swift */,
				A286788128EBC263007B56EA /* TableViewController.swift */,
			);
			path = Controller;
			sourceTree = "<group>";
		};
		A286787828EBC100007B56EA /* Storyboard */ = {
			isa = PBXGroup;
			children = (
				A29A39B128EBBA0A008D4560 /* Main.storyboard */,
				A29A39B628EBBA0B008D4560 /* LaunchScreen.storyboard */,
			);
			path = Storyboard;
			sourceTree = "<group>";
		};
		A286788328EBC278007B56EA /* Cell */ = {
			isa = PBXGroup;
			children = (
				A286788428EBC287007B56EA /* DebitTableViewCell.swift */,
				A286788628EBC29B007B56EA /* ObjetivoCelula.swift */,
			);
			path = Cell;
			sourceTree = "<group>";
		};
		A286788828EBC4A2007B56EA /* Model */ = {
			isa = PBXGroup;
			children = (
				A286788928EBC4B6007B56EA /* User.swift */,
				A29A356728F6E4B80006BF8E /* Target.swift */,
				A296FAD028F7A9DA00FB6AB7 /* Debit.swift */,
				A257A07F2917243E0040FFED /* TypeValue.swift */,
			);
			path = Model;
			sourceTree = "<group>";
		};
		A286788B28EBC941007B56EA /* Parse */ = {
			isa = PBXGroup;
			children = (
				A286788C28EBC954007B56EA /* UserManager.swift */,
				A29A356528F6E4AD0006BF8E /* TargetManager.swift */,
				A296FAD228F7AA3A00FB6AB7 /* DebitManager.swift */,
			);
			path = Parse;
			sourceTree = "<group>";
		};
		A286788E28EBCA40007B56EA /* Repository */ = {
			isa = PBXGroup;
			children = (
				A286788F28EBCA54007B56EA /* UserRepository.swift */,
			);
			path = Repository;
			sourceTree = "<group>";
		};
		A29A399F28EBBA0A008D4560 = {
			isa = PBXGroup;
			children = (
				A29A39AA28EBBA0A008D4560 /* Target */,
				A29A39A928EBBA0A008D4560 /* Products */,
			);
			sourceTree = "<group>";
		};
		A29A39A928EBBA0A008D4560 /* Products */ = {
			isa = PBXGroup;
			children = (
				A29A39A828EBBA0A008D4560 /* Target.app */,
			);
			name = Products;
			sourceTree = "<group>";
		};
		A29A39AA28EBBA0A008D4560 /* Target */ = {
			isa = PBXGroup;
			children = (
				A286788E28EBCA40007B56EA /* Repository */,
				A286788B28EBC941007B56EA /* Parse */,
				A286788828EBC4A2007B56EA /* Model */,
				A286788328EBC278007B56EA /* Cell */,
				A286787828EBC100007B56EA /* Storyboard */,
				A286787728EBC0F7007B56EA /* Controller */,
				A286787628EBC0F1007B56EA /* Delegate */,
				A24FEB4E28F38631005B22CC /* Util */,
				A29A39B428EBBA0B008D4560 /* Assets.xcassets */,
				A29A39B928EBBA0B008D4560 /* Info.plist */,
			);
			path = Target;
			sourceTree = "<group>";
		};
/* End PBXGroup section */

/* Begin PBXNativeTarget section */
		A29A39A728EBBA0A008D4560 /* Target */ = {
			isa = PBXNativeTarget;
			buildConfigurationList = A29A39BC28EBBA0B008D4560 /* Build configuration list for PBXNativeTarget "Target" */;
			buildPhases = (
				A29A39A428EBBA0A008D4560 /* Sources */,
				A29A39A528EBBA0A008D4560 /* Frameworks */,
				A29A39A628EBBA0A008D4560 /* Resources */,
			);
			buildRules = (
			);
			dependencies = (
			);
			name = Target;
			packageProductDependencies = (
				A286787428EBBB8E007B56EA /* ParseSwift */,
			);
			productName = Target;
			productReference = A29A39A828EBBA0A008D4560 /* Target.app */;
			productType = "com.apple.product-type.application";
		};
/* End PBXNativeTarget section */

/* Begin PBXProject section */
		A29A39A028EBBA0A008D4560 /* Project object */ = {
			isa = PBXProject;
			attributes = {
				BuildIndependentTargetsInParallel = 1;
				LastSwiftUpdateCheck = 1400;
				LastUpgradeCheck = 1400;
				TargetAttributes = {
					A29A39A728EBBA0A008D4560 = {
						CreatedOnToolsVersion = 14.0.1;
					};
				};
			};
			buildConfigurationList = A29A39A328EBBA0A008D4560 /* Build configuration list for PBXProject "Target" */;
			compatibilityVersion = "Xcode 14.0";
			developmentRegion = en;
			hasScannedForEncodings = 0;
			knownRegions = (
				en,
				Base,
			);
			mainGroup = A29A399F28EBBA0A008D4560;
			packageReferences = (
				A286787328EBBB8E007B56EA /* XCRemoteSwiftPackageReference "Parse-Swift" */,
			);
			productRefGroup = A29A39A928EBBA0A008D4560 /* Products */;
			projectDirPath = "";
			projectRoot = "";
			targets = (
				A29A39A728EBBA0A008D4560 /* Target */,
			);
		};
/* End PBXProject section */

/* Begin PBXResourcesBuildPhase section */
		A29A39A628EBBA0A008D4560 /* Resources */ = {
			isa = PBXResourcesBuildPhase;
			buildActionMask = 2147483647;
			files = (
				A29A39B828EBBA0B008D4560 /* LaunchScreen.storyboard in Resources */,
				A29A39B528EBBA0B008D4560 /* Assets.xcassets in Resources */,
				A29A39B328EBBA0A008D4560 /* Main.storyboard in Resources */,
			);
			runOnlyForDeploymentPostprocessing = 0;
		};
/* End PBXResourcesBuildPhase section */

/* Begin PBXSourcesBuildPhase section */
		A29A39A428EBBA0A008D4560 /* Sources */ = {
			isa = PBXSourcesBuildPhase;
			buildActionMask = 2147483647;
			files = (
				A29A356628F6E4AD0006BF8E /* TargetManager.swift in Sources */,
				A286788028EBC247007B56EA /* LoginViewController.swift in Sources */,
				A286788228EBC263007B56EA /* TableViewController.swift in Sources */,
				A286789028EBCA54007B56EA /* UserRepository.swift in Sources */,
				A24FEB5028F3864C005B22CC /* Utils.swift in Sources */,
				A257A0802917243E0040FFED /* TypeValue.swift in Sources */,
				A286787C28EBC20B007B56EA /* CriarViewController.swift in Sources */,
				A286788728EBC29B007B56EA /* ObjetivoCelula.swift in Sources */,
				A29A39AC28EBBA0A008D4560 /* AppDelegate.swift in Sources */,
				A286787E28EBC232007B56EA /* EditTargetViewController.swift in Sources */,
				A29A356828F6E4B80006BF8E /* Target.swift in Sources */,
				A29A39AE28EBBA0A008D4560 /* SceneDelegate.swift in Sources */,
				A286788528EBC287007B56EA /* DebitTableViewCell.swift in Sources */,
				A286788A28EBC4B6007B56EA /* User.swift in Sources */,
				A296FAD328F7AA3A00FB6AB7 /* DebitManager.swift in Sources */,
				A286788D28EBC954007B56EA /* UserManager.swift in Sources */,
				A296FAD128F7A9DA00FB6AB7 /* Debit.swift in Sources */,
				A286787A28EBC1E1007B56EA /* AddTargetViewController.swift in Sources */,
			);
			runOnlyForDeploymentPostprocessing = 0;
		};
/* End PBXSourcesBuildPhase section */

/* Begin PBXVariantGroup section */
		A29A39B128EBBA0A008D4560 /* Main.storyboard */ = {
			isa = PBXVariantGroup;
			children = (
				A29A39B228EBBA0A008D4560 /* Base */,
			);
			name = Main.storyboard;
			sourceTree = "<group>";
		};
		A29A39B628EBBA0B008D4560 /* LaunchScreen.storyboard */ = {
			isa = PBXVariantGroup;
			children = (
				A29A39B728EBBA0B008D4560 /* Base */,
			);
			name = LaunchScreen.storyboard;
			sourceTree = "<group>";
		};
/* End PBXVariantGroup section */

/* Begin XCBuildConfiguration section */
		A29A39BA28EBBA0B008D4560 /* Debug */ = {
			isa = XCBuildConfiguration;
			buildSettings = {
				ALWAYS_SEARCH_USER_PATHS = NO;
				CLANG_ANALYZER_NONNULL = YES;
				CLANG_ANALYZER_NUMBER_OBJECT_CONVERSION = YES_AGGRESSIVE;
				CLANG_CXX_LANGUAGE_STANDARD = "gnu++20";
				CLANG_ENABLE_MODULES = YES;
				CLANG_ENABLE_OBJC_ARC = YES;
				CLANG_ENABLE_OBJC_WEAK = YES;
				CLANG_WARN_BLOCK_CAPTURE_AUTORELEASING = YES;
				CLANG_WARN_BOOL_CONVERSION = YES;
				CLANG_WARN_COMMA = YES;
				CLANG_WARN_CONSTANT_CONVERSION = YES;
				CLANG_WARN_DEPRECATED_OBJC_IMPLEMENTATIONS = YES;
				CLANG_WARN_DIRECT_OBJC_ISA_USAGE = YES_ERROR;
				CLANG_WARN_DOCUMENTATION_COMMENTS = YES;
				CLANG_WARN_EMPTY_BODY = YES;
				CLANG_WARN_ENUM_CONVERSION = YES;
				CLANG_WARN_INFINITE_RECURSION = YES;
				CLANG_WARN_INT_CONVERSION = YES;
				CLANG_WARN_NON_LITERAL_NULL_CONVERSION = YES;
				CLANG_WARN_OBJC_IMPLICIT_RETAIN_SELF = YES;
				CLANG_WARN_OBJC_LITERAL_CONVERSION = YES;
				CLANG_WARN_OBJC_ROOT_CLASS = YES_ERROR;
				CLANG_WARN_QUOTED_INCLUDE_IN_FRAMEWORK_HEADER = YES;
				CLANG_WARN_RANGE_LOOP_ANALYSIS = YES;
				CLANG_WARN_STRICT_PROTOTYPES = YES;
				CLANG_WARN_SUSPICIOUS_MOVE = YES;
				CLANG_WARN_UNGUARDED_AVAILABILITY = YES_AGGRESSIVE;
				CLANG_WARN_UNREACHABLE_CODE = YES;
				CLANG_WARN__DUPLICATE_METHOD_MATCH = YES;
				COPY_PHASE_STRIP = NO;
				DEBUG_INFORMATION_FORMAT = dwarf;
				ENABLE_STRICT_OBJC_MSGSEND = YES;
				ENABLE_TESTABILITY = YES;
				GCC_C_LANGUAGE_STANDARD = gnu11;
				GCC_DYNAMIC_NO_PIC = NO;
				GCC_NO_COMMON_BLOCKS = YES;
				GCC_OPTIMIZATION_LEVEL = 0;
				GCC_PREPROCESSOR_DEFINITIONS = (
					"DEBUG=1",
					"$(inherited)",
				);
				GCC_WARN_64_TO_32_BIT_CONVERSION = YES;
				GCC_WARN_ABOUT_RETURN_TYPE = YES_ERROR;
				GCC_WARN_UNDECLARED_SELECTOR = YES;
				GCC_WARN_UNINITIALIZED_AUTOS = YES_AGGRESSIVE;
				GCC_WARN_UNUSED_FUNCTION = YES;
				GCC_WARN_UNUSED_VARIABLE = YES;
				IPHONEOS_DEPLOYMENT_TARGET = 16.0;
				MTL_ENABLE_DEBUG_INFO = INCLUDE_SOURCE;
				MTL_FAST_MATH = YES;
				ONLY_ACTIVE_ARCH = YES;
				SDKROOT = iphoneos;
				SWIFT_ACTIVE_COMPILATION_CONDITIONS = DEBUG;
				SWIFT_OPTIMIZATION_LEVEL = "-Onone";
			};
			name = Debug;
		};
		A29A39BB28EBBA0B008D4560 /* Release */ = {
			isa = XCBuildConfiguration;
			buildSettings = {
				ALWAYS_SEARCH_USER_PATHS = NO;
				CLANG_ANALYZER_NONNULL = YES;
				CLANG_ANALYZER_NUMBER_OBJECT_CONVERSION = YES_AGGRESSIVE;
				CLANG_CXX_LANGUAGE_STANDARD = "gnu++20";
				CLANG_ENABLE_MODULES = YES;
				CLANG_ENABLE_OBJC_ARC = YES;
				CLANG_ENABLE_OBJC_WEAK = YES;
				CLANG_WARN_BLOCK_CAPTURE_AUTORELEASING = YES;
				CLANG_WARN_BOOL_CONVERSION = YES;
				CLANG_WARN_COMMA = YES;
				CLANG_WARN_CONSTANT_CONVERSION = YES;
				CLANG_WARN_DEPRECATED_OBJC_IMPLEMENTATIONS = YES;
				CLANG_WARN_DIRECT_OBJC_ISA_USAGE = YES_ERROR;
				CLANG_WARN_DOCUMENTATION_COMMENTS = YES;
				CLANG_WARN_EMPTY_BODY = YES;
				CLANG_WARN_ENUM_CONVERSION = YES;
				CLANG_WARN_INFINITE_RECURSION = YES;
				CLANG_WARN_INT_CONVERSION = YES;
				CLANG_WARN_NON_LITERAL_NULL_CONVERSION = YES;
				CLANG_WARN_OBJC_IMPLICIT_RETAIN_SELF = YES;
				CLANG_WARN_OBJC_LITERAL_CONVERSION = YES;
				CLANG_WARN_OBJC_ROOT_CLASS = YES_ERROR;
				CLANG_WARN_QUOTED_INCLUDE_IN_FRAMEWORK_HEADER = YES;
				CLANG_WARN_RANGE_LOOP_ANALYSIS = YES;
				CLANG_WARN_STRICT_PROTOTYPES = YES;
				CLANG_WARN_SUSPICIOUS_MOVE = YES;
				CLANG_WARN_UNGUARDED_AVAILABILITY = YES_AGGRESSIVE;
				CLANG_WARN_UNREACHABLE_CODE = YES;
				CLANG_WARN__DUPLICATE_METHOD_MATCH = YES;
				COPY_PHASE_STRIP = NO;
				DEBUG_INFORMATION_FORMAT = "dwarf-with-dsym";
				ENABLE_NS_ASSERTIONS = NO;
				ENABLE_STRICT_OBJC_MSGSEND = YES;
				GCC_C_LANGUAGE_STANDARD = gnu11;
				GCC_NO_COMMON_BLOCKS = YES;
				GCC_WARN_64_TO_32_BIT_CONVERSION = YES;
				GCC_WARN_ABOUT_RETURN_TYPE = YES_ERROR;
				GCC_WARN_UNDECLARED_SELECTOR = YES;
				GCC_WARN_UNINITIALIZED_AUTOS = YES_AGGRESSIVE;
				GCC_WARN_UNUSED_FUNCTION = YES;
				GCC_WARN_UNUSED_VARIABLE = YES;
				IPHONEOS_DEPLOYMENT_TARGET = 16.0;
				MTL_ENABLE_DEBUG_INFO = NO;
				MTL_FAST_MATH = YES;
				SDKROOT = iphoneos;
				SWIFT_COMPILATION_MODE = wholemodule;
				SWIFT_OPTIMIZATION_LEVEL = "-O";
				VALIDATE_PRODUCT = YES;
			};
			name = Release;
		};
		A29A39BD28EBBA0B008D4560 /* Debug */ = {
			isa = XCBuildConfiguration;
			buildSettings = {
				ASSETCATALOG_COMPILER_APPICON_NAME = AppIcon;
				ASSETCATALOG_COMPILER_GLOBAL_ACCENT_COLOR_NAME = AccentColor;
				CODE_SIGN_STYLE = Automatic;
				CURRENT_PROJECT_VERSION = 1;
				DEVELOPMENT_TEAM = NYSLTBQZ24;
				GENERATE_INFOPLIST_FILE = YES;
				INFOPLIST_FILE = Target/Info.plist;
				INFOPLIST_KEY_CFBundleDisplayName = Objetivos;
				INFOPLIST_KEY_LSApplicationCategoryType = "public.app-category.business";
				INFOPLIST_KEY_UIApplicationSupportsIndirectInputEvents = YES;
				INFOPLIST_KEY_UILaunchStoryboardName = LaunchScreen;
				INFOPLIST_KEY_UIMainStoryboardFile = Main;
				INFOPLIST_KEY_UISupportedInterfaceOrientations = UIInterfaceOrientationPortrait;
				INFOPLIST_KEY_UISupportedInterfaceOrientations_iPad = "UIInterfaceOrientationLandscapeLeft UIInterfaceOrientationLandscapeRight UIInterfaceOrientationPortrait UIInterfaceOrientationPortraitUpsideDown";
				LD_RUNPATH_SEARCH_PATHS = (
					"$(inherited)",
					"@executable_path/Frameworks",
				);
				MARKETING_VERSION = 1.0;
				PRODUCT_BUNDLE_IDENTIFIER = br.com.savio2503.Target;
				PRODUCT_NAME = "$(TARGET_NAME)";
				SUPPORTED_PLATFORMS = "iphoneos iphonesimulator";
				SUPPORTS_MACCATALYST = NO;
				SUPPORTS_MAC_DESIGNED_FOR_IPHONE_IPAD = NO;
				SWIFT_EMIT_LOC_STRINGS = YES;
				SWIFT_VERSION = 5.0;
				TARGETED_DEVICE_FAMILY = 1;
			};
			name = Debug;
		};
		A29A39BE28EBBA0B008D4560 /* Release */ = {
			isa = XCBuildConfiguration;
			buildSettings = {
				ASSETCATALOG_COMPILER_APPICON_NAME = AppIcon;
				ASSETCATALOG_COMPILER_GLOBAL_ACCENT_COLOR_NAME = AccentColor;
				CODE_SIGN_STYLE = Automatic;
				CURRENT_PROJECT_VERSION = 1;
				DEVELOPMENT_TEAM = NYSLTBQZ24;
				GENERATE_INFOPLIST_FILE = YES;
				INFOPLIST_FILE = Target/Info.plist;
				INFOPLIST_KEY_CFBundleDisplayName = Objetivos;
				INFOPLIST_KEY_LSApplicationCategoryType = "public.app-category.business";
				INFOPLIST_KEY_UIApplicationSupportsIndirectInputEvents = YES;
				INFOPLIST_KEY_UILaunchStoryboardName = LaunchScreen;
				INFOPLIST_KEY_UIMainStoryboardFile = Main;
				INFOPLIST_KEY_UISupportedInterfaceOrientations = UIInterfaceOrientationPortrait;
				INFOPLIST_KEY_UISupportedInterfaceOrientations_iPad = "UIInterfaceOrientationLandscapeLeft UIInterfaceOrientationLandscapeRight UIInterfaceOrientationPortrait UIInterfaceOrientationPortraitUpsideDown";
				LD_RUNPATH_SEARCH_PATHS = (
					"$(inherited)",
					"@executable_path/Frameworks",
				);
				MARKETING_VERSION = 1.0;
				PRODUCT_BUNDLE_IDENTIFIER = br.com.savio2503.Target;
				PRODUCT_NAME = "$(TARGET_NAME)";
				SUPPORTED_PLATFORMS = "iphoneos iphonesimulator";
				SUPPORTS_MACCATALYST = NO;
				SUPPORTS_MAC_DESIGNED_FOR_IPHONE_IPAD = NO;
				SWIFT_EMIT_LOC_STRINGS = YES;
				SWIFT_VERSION = 5.0;
				TARGETED_DEVICE_FAMILY = 1;
			};
			name = Release;
		};
/* End XCBuildConfiguration section */

/* Begin XCConfigurationList section */
		A29A39A328EBBA0A008D4560 /* Build configuration list for PBXProject "Target" */ = {
			isa = XCConfigurationList;
			buildConfigurations = (
				A29A39BA28EBBA0B008D4560 /* Debug */,
				A29A39BB28EBBA0B008D4560 /* Release */,
			);
			defaultConfigurationIsVisible = 0;
			defaultConfigurationName = Release;
		};
		A29A39BC28EBBA0B008D4560 /* Build configuration list for PBXNativeTarget "Target" */ = {
			isa = XCConfigurationList;
			buildConfigurations = (
				A29A39BD28EBBA0B008D4560 /* Debug */,
				A29A39BE28EBBA0B008D4560 /* Release */,
			);
			defaultConfigurationIsVisible = 0;
			defaultConfigurationName = Release;
		};
/* End XCConfigurationList section */

/* Begin XCRemoteSwiftPackageReference section */
		A286787328EBBB8E007B56EA /* XCRemoteSwiftPackageReference "Parse-Swift" */ = {
			isa = XCRemoteSwiftPackageReference;
			repositoryURL = "https://github.com/parse-community/Parse-Swift";
			requirement = {
				kind = upToNextMajorVersion;
				minimumVersion = 4.0.0;
			};
		};
/* End XCRemoteSwiftPackageReference section */

/* Begin XCSwiftPackageProductDependency section */
		A286787428EBBB8E007B56EA /* ParseSwift */ = {
			isa = XCSwiftPackageProductDependency;
			package = A286787328EBBB8E007B56EA /* XCRemoteSwiftPackageReference "Parse-Swift" */;
			productName = ParseSwift;
		};
/* End XCSwiftPackageProductDependency section */
	};
	rootObject = A29A39A028EBBA0A008D4560 /* Project object */;
}
